// !$*UTF8*$!
{
	archiveVersion = 1;
	classes = {
	};
	objectVersion = 77;
	objects = {

/* Begin PBXBuildFile section */
		37CE0A312CE5F2F500D6CABC /* Assets.xcassets in Resources */ = {isa = PBXBuildFile; fileRef = 37CE0A282CE5F2F500D6CABC /* Assets.xcassets */; };
		37CE0A332CE5F2F500D6CABC /* LaunchScreen.storyboard in Resources */ = {isa = PBXBuildFile; fileRef = 37CE0A2C2CE5F2F500D6CABC /* LaunchScreen.storyboard */; };
		37CE0A342CE5F2F500D6CABC /* AppDelegate.swift in Sources */ = {isa = PBXBuildFile; fileRef = 37CE0A272CE5F2F500D6CABC /* AppDelegate.swift */; };
		37CE0A362CE5F2F500D6CABC /* SceneDelegate.swift in Sources */ = {isa = PBXBuildFile; fileRef = 37CE0A2D2CE5F2F500D6CABC /* SceneDelegate.swift */; };
		37CE0A372CE5F2F500D6CABC /* ViewController.swift in Sources */ = {isa = PBXBuildFile; fileRef = 37CE0A2E2CE5F2F500D6CABC /* ViewController.swift */; };
		37CE0A422CE6000D00D6CABC /* Task.swift in Sources */ = {isa = PBXBuildFile; fileRef = 37CE0A402CE6000D00D6CABC /* Task.swift */; };
		37CE0A432CE6000D00D6CABC /* Task.swift in Sources */ = {isa = PBXBuildFile; fileRef = 37CE0A402CE6000D00D6CABC /* Task.swift */; };
		37CE0A462CE6003900D6CABC /* StorageManager.swift in Sources */ = {isa = PBXBuildFile; fileRef = 37CE0A452CE6003900D6CABC /* StorageManager.swift */; };
		37CE0A472CE6003900D6CABC /* StorageManager.swift in Sources */ = {isa = PBXBuildFile; fileRef = 37CE0A452CE6003900D6CABC /* StorageManager.swift */; };
		37CE0A502CE6069A00D6CABC /* Model.swift in Sources */ = {isa = PBXBuildFile; fileRef = 37CE0A4F2CE6069A00D6CABC /* Model.swift */; };
		37CE0A582CE6137B00D6CABC /* TaskListView.swift in Sources */ = {isa = PBXBuildFile; fileRef = 37CE0A572CE6137B00D6CABC /* TaskListView.swift */; };
		37CE0A5A2CE6139B00D6CABC /* TaskTableViewCell.swift in Sources */ = {isa = PBXBuildFile; fileRef = 37CE0A592CE6139B00D6CABC /* TaskTableViewCell.swift */; };
		37CE0A5C2CE613B500D6CABC /* TaskListPresenter.swift in Sources */ = {isa = PBXBuildFile; fileRef = 37CE0A5B2CE613B500D6CABC /* TaskListPresenter.swift */; };
		37CE0A5E2CE613BE00D6CABC /* TaskListInteractor.swift in Sources */ = {isa = PBXBuildFile; fileRef = 37CE0A5D2CE613BE00D6CABC /* TaskListInteractor.swift */; };
		37CE0A602CE613C900D6CABC /* TaskListRouter.swift in Sources */ = {isa = PBXBuildFile; fileRef = 37CE0A5F2CE613C900D6CABC /* TaskListRouter.swift */; };
		37CE0A632CE6147800D6CABC /* NetworkManager.swift in Sources */ = {isa = PBXBuildFile; fileRef = 37CE0A622CE6147800D6CABC /* NetworkManager.swift */; };
		37CE0A672CE6193500D6CABC /* LaunchManager.swift in Sources */ = {isa = PBXBuildFile; fileRef = 37CE0A662CE6193500D6CABC /* LaunchManager.swift */; };
		37CE0A682CE6193500D6CABC /* LaunchManager.swift in Sources */ = {isa = PBXBuildFile; fileRef = 37CE0A662CE6193500D6CABC /* LaunchManager.swift */; };
		37CE0A6B2CE6221100D6CABC /* Extension.swift in Sources */ = {isa = PBXBuildFile; fileRef = 37CE0A6A2CE6221100D6CABC /* Extension.swift */; };
		37CE0A6D2CE625D900D6CABC /* NoteListConfigurator.swift in Sources */ = {isa = PBXBuildFile; fileRef = 37CE0A6C2CE625D900D6CABC /* NoteListConfigurator.swift */; };
/* End PBXBuildFile section */

/* Begin PBXContainerItemProxy section */
		37CE0A082CE5F28400D6CABC /* PBXContainerItemProxy */ = {
			isa = PBXContainerItemProxy;
			containerPortal = 37CE09E62CE5F28100D6CABC /* Project object */;
			proxyType = 1;
			remoteGlobalIDString = 37CE09ED2CE5F28100D6CABC;
			remoteInfo = EffectiveMobile;
		};
		37CE0A122CE5F28400D6CABC /* PBXContainerItemProxy */ = {
			isa = PBXContainerItemProxy;
			containerPortal = 37CE09E62CE5F28100D6CABC /* Project object */;
			proxyType = 1;
			remoteGlobalIDString = 37CE09ED2CE5F28100D6CABC;
			remoteInfo = EffectiveMobile;
		};
/* End PBXContainerItemProxy section */

/* Begin PBXFileReference section */
		37CE09EE2CE5F28100D6CABC /* EffectiveMobile.app */ = {isa = PBXFileReference; explicitFileType = wrapper.application; includeInIndex = 0; path = EffectiveMobile.app; sourceTree = BUILT_PRODUCTS_DIR; };
		37CE0A072CE5F28400D6CABC /* EffectiveMobileTests.xctest */ = {isa = PBXFileReference; explicitFileType = wrapper.cfbundle; includeInIndex = 0; path = EffectiveMobileTests.xctest; sourceTree = BUILT_PRODUCTS_DIR; };
		37CE0A112CE5F28400D6CABC /* EffectiveMobileUITests.xctest */ = {isa = PBXFileReference; explicitFileType = wrapper.cfbundle; includeInIndex = 0; path = EffectiveMobileUITests.xctest; sourceTree = BUILT_PRODUCTS_DIR; };
		37CE0A272CE5F2F500D6CABC /* AppDelegate.swift */ = {isa = PBXFileReference; lastKnownFileType = sourcecode.swift; path = AppDelegate.swift; sourceTree = "<group>"; };
		37CE0A282CE5F2F500D6CABC /* Assets.xcassets */ = {isa = PBXFileReference; lastKnownFileType = folder.assetcatalog; path = Assets.xcassets; sourceTree = "<group>"; };
		37CE0A2A2CE5F2F500D6CABC /* Info.plist */ = {isa = PBXFileReference; lastKnownFileType = text.plist.xml; path = Info.plist; sourceTree = "<group>"; };
		37CE0A2B2CE5F2F500D6CABC /* Base */ = {isa = PBXFileReference; lastKnownFileType = file.storyboard; name = Base; path = Base.lproj/LaunchScreen.storyboard; sourceTree = "<group>"; };
		37CE0A2D2CE5F2F500D6CABC /* SceneDelegate.swift */ = {isa = PBXFileReference; lastKnownFileType = sourcecode.swift; path = SceneDelegate.swift; sourceTree = "<group>"; };
		37CE0A2E2CE5F2F500D6CABC /* ViewController.swift */ = {isa = PBXFileReference; lastKnownFileType = sourcecode.swift; path = ViewController.swift; sourceTree = "<group>"; };
		37CE0A402CE6000D00D6CABC /* Task.swift */ = {isa = PBXFileReference; lastKnownFileType = sourcecode.swift; path = Task.swift; sourceTree = "<group>"; };
		37CE0A452CE6003900D6CABC /* StorageManager.swift */ = {isa = PBXFileReference; lastKnownFileType = sourcecode.swift; path = StorageManager.swift; sourceTree = "<group>"; };
		37CE0A4F2CE6069A00D6CABC /* Model.swift */ = {isa = PBXFileReference; lastKnownFileType = sourcecode.swift; path = Model.swift; sourceTree = "<group>"; };
		37CE0A572CE6137B00D6CABC /* TaskListView.swift */ = {isa = PBXFileReference; lastKnownFileType = sourcecode.swift; path = TaskListView.swift; sourceTree = "<group>"; };
		37CE0A592CE6139B00D6CABC /* TaskTableViewCell.swift */ = {isa = PBXFileReference; lastKnownFileType = sourcecode.swift; path = TaskTableViewCell.swift; sourceTree = "<group>"; };
		37CE0A5B2CE613B500D6CABC /* TaskListPresenter.swift */ = {isa = PBXFileReference; lastKnownFileType = sourcecode.swift; path = TaskListPresenter.swift; sourceTree = "<group>"; };
		37CE0A5D2CE613BE00D6CABC /* TaskListInteractor.swift */ = {isa = PBXFileReference; lastKnownFileType = sourcecode.swift; path = TaskListInteractor.swift; sourceTree = "<group>"; };
		37CE0A5F2CE613C900D6CABC /* TaskListRouter.swift */ = {isa = PBXFileReference; lastKnownFileType = sourcecode.swift; path = TaskListRouter.swift; sourceTree = "<group>"; };
		37CE0A622CE6147800D6CABC /* NetworkManager.swift */ = {isa = PBXFileReference; lastKnownFileType = sourcecode.swift; path = NetworkManager.swift; sourceTree = "<group>"; };
		37CE0A662CE6193500D6CABC /* LaunchManager.swift */ = {isa = PBXFileReference; lastKnownFileType = sourcecode.swift; path = LaunchManager.swift; sourceTree = "<group>"; };
		37CE0A6A2CE6221100D6CABC /* Extension.swift */ = {isa = PBXFileReference; lastKnownFileType = sourcecode.swift; path = Extension.swift; sourceTree = "<group>"; };
		37CE0A6C2CE625D900D6CABC /* NoteListConfigurator.swift */ = {isa = PBXFileReference; lastKnownFileType = sourcecode.swift; path = NoteListConfigurator.swift; sourceTree = "<group>"; };
/* End PBXFileReference section */

/* Begin PBXFileSystemSynchronizedRootGroup section */
		37CE0A0A2CE5F28400D6CABC /* EffectiveMobileTests */ = {
			isa = PBXFileSystemSynchronizedRootGroup;
			path = EffectiveMobileTests;
			sourceTree = "<group>";
		};
		37CE0A142CE5F28400D6CABC /* EffectiveMobileUITests */ = {
			isa = PBXFileSystemSynchronizedRootGroup;
			path = EffectiveMobileUITests;
			sourceTree = "<group>";
		};
/* End PBXFileSystemSynchronizedRootGroup section */

/* Begin PBXFrameworksBuildPhase section */
		37CE09EB2CE5F28100D6CABC /* Frameworks */ = {
			isa = PBXFrameworksBuildPhase;
			buildActionMask = 2147483647;
			files = (
			);
			runOnlyForDeploymentPostprocessing = 0;
		};
		37CE0A042CE5F28400D6CABC /* Frameworks */ = {
			isa = PBXFrameworksBuildPhase;
			buildActionMask = 2147483647;
			files = (
			);
			runOnlyForDeploymentPostprocessing = 0;
		};
		37CE0A0E2CE5F28400D6CABC /* Frameworks */ = {
			isa = PBXFrameworksBuildPhase;
			buildActionMask = 2147483647;
			files = (
			);
			runOnlyForDeploymentPostprocessing = 0;
		};
/* End PBXFrameworksBuildPhase section */

/* Begin PBXGroup section */
		37CE09E52CE5F28100D6CABC = {
			isa = PBXGroup;
			children = (
				37CE0A2F2CE5F2F500D6CABC /* EffectiveMobile */,
				37CE0A0A2CE5F28400D6CABC /* EffectiveMobileTests */,
				37CE0A142CE5F28400D6CABC /* EffectiveMobileUITests */,
				37CE09EF2CE5F28100D6CABC /* Products */,
			);
			sourceTree = "<group>";
		};
		37CE09EF2CE5F28100D6CABC /* Products */ = {
			isa = PBXGroup;
			children = (
				37CE09EE2CE5F28100D6CABC /* EffectiveMobile.app */,
				37CE0A072CE5F28400D6CABC /* EffectiveMobileTests.xctest */,
				37CE0A112CE5F28400D6CABC /* EffectiveMobileUITests.xctest */,
			);
			name = Products;
			sourceTree = "<group>";
		};
		37CE0A262CE5F2F500D6CABC /* TaskList */ = {
			isa = PBXGroup;
			children = (
				37CE0A562CE6136600D6CABC /* View */,
				37CE0A552CE6136000D6CABC /* Interactor */,
				37CE0A542CE6135500D6CABC /* Presenter */,
				37CE0A532CE6134200D6CABC /* Entity */,
				37CE0A512CE6122C00D6CABC /* Router */,
				37CE0A6C2CE625D900D6CABC /* NoteListConfigurator.swift */,
			);
			path = TaskList;
			sourceTree = "<group>";
		};
		37CE0A2F2CE5F2F500D6CABC /* EffectiveMobile */ = {
			isa = PBXGroup;
			children = (
				37CE0A4C2CE605D300D6CABC /* Flows */,
				37CE0A492CE6023500D6CABC /* Constants */,
				37CE0A412CE6000D00D6CABC /* Storage */,
				37CE0A4D2CE6066A00D6CABC /* NetworkService */,
				37CE0A692CE621FC00D6CABC /* Components */,
				37CE0A282CE5F2F500D6CABC /* Assets.xcassets */,
				37CE0A2A2CE5F2F500D6CABC /* Info.plist */,
				37CE0A272CE5F2F500D6CABC /* AppDelegate.swift */,
				37CE0A2C2CE5F2F500D6CABC /* LaunchScreen.storyboard */,
				37CE0A2D2CE5F2F500D6CABC /* SceneDelegate.swift */,
				37CE0A2E2CE5F2F500D6CABC /* ViewController.swift */,
			);
			path = EffectiveMobile;
			sourceTree = "<group>";
		};
		37CE0A412CE6000D00D6CABC /* Storage */ = {
			isa = PBXGroup;
			children = (
				37CE0A652CE618AE00D6CABC /* Launcher */,
			);
			path = Storage;
			sourceTree = "<group>";
		};
		37CE0A442CE6001A00D6CABC /* Entity */ = {
			isa = PBXGroup;
			children = (
				37CE0A402CE6000D00D6CABC /* Task.swift */,
			);
			path = Entity;
			sourceTree = "<group>";
		};
		37CE0A492CE6023500D6CABC /* Constants */ = {
			isa = PBXGroup;
			children = (
			);
			path = Constants;
			sourceTree = "<group>";
		};
		37CE0A4C2CE605D300D6CABC /* Flows */ = {
			isa = PBXGroup;
			children = (
				37CE0A262CE5F2F500D6CABC /* TaskList */,
			);
			path = Flows;
			sourceTree = "<group>";
		};
		37CE0A4D2CE6066A00D6CABC /* NetworkService */ = {
			isa = PBXGroup;
			children = (
				37CE0A4F2CE6069A00D6CABC /* Model.swift */,
				37CE0A622CE6147800D6CABC /* NetworkManager.swift */,
			);
			path = NetworkService;
			sourceTree = "<group>";
		};
		37CE0A512CE6122C00D6CABC /* Router */ = {
			isa = PBXGroup;
			children = (
				37CE0A5F2CE613C900D6CABC /* TaskListRouter.swift */,
			);
			path = Router;
			sourceTree = "<group>";
		};
		37CE0A532CE6134200D6CABC /* Entity */ = {
			isa = PBXGroup;
			children = (
			);
			path = Entity;
			sourceTree = "<group>";
		};
		37CE0A542CE6135500D6CABC /* Presenter */ = {
			isa = PBXGroup;
			children = (
				37CE0A5B2CE613B500D6CABC /* TaskListPresenter.swift */,
			);
			path = Presenter;
			sourceTree = "<group>";
		};
		37CE0A552CE6136000D6CABC /* Interactor */ = {
			isa = PBXGroup;
			children = (
				37CE0A5D2CE613BE00D6CABC /* TaskListInteractor.swift */,
			);
			path = Interactor;
			sourceTree = "<group>";
		};
		37CE0A562CE6136600D6CABC /* View */ = {
			isa = PBXGroup;
			children = (
				37CE0A572CE6137B00D6CABC /* TaskListView.swift */,
				37CE0A592CE6139B00D6CABC /* TaskTableViewCell.swift */,
			);
			path = View;
			sourceTree = "<group>";
		};
		37CE0A652CE618AE00D6CABC /* Launcher */ = {
			isa = PBXGroup;
			children = (
				37CE0A452CE6003900D6CABC /* StorageManager.swift */,
				37CE0A442CE6001A00D6CABC /* Entity */,
				37CE0A662CE6193500D6CABC /* LaunchManager.swift */,
			);
			path = Launcher;
			sourceTree = "<group>";
		};
		37CE0A692CE621FC00D6CABC /* Components */ = {
			isa = PBXGroup;
			children = (
				37CE0A6A2CE6221100D6CABC /* Extension.swift */,
			);
			path = Components;
			sourceTree = "<group>";
		};
/* End PBXGroup section */

/* Begin PBXNativeTarget section */
		37CE09ED2CE5F28100D6CABC /* EffectiveMobile */ = {
			isa = PBXNativeTarget;
			buildConfigurationList = 37CE0A1A2CE5F28400D6CABC /* Build configuration list for PBXNativeTarget "EffectiveMobile" */;
			buildPhases = (
				37CE09EA2CE5F28100D6CABC /* Sources */,
				37CE09EB2CE5F28100D6CABC /* Frameworks */,
				37CE09EC2CE5F28100D6CABC /* Resources */,
			);
			buildRules = (
			);
			dependencies = (
			);
			name = EffectiveMobile;
			packageProductDependencies = (
			);
			productName = EffectiveMobile;
			productReference = 37CE09EE2CE5F28100D6CABC /* EffectiveMobile.app */;
			productType = "com.apple.product-type.application";
		};
		37CE0A062CE5F28400D6CABC /* EffectiveMobileTests */ = {
			isa = PBXNativeTarget;
			buildConfigurationList = 37CE0A1F2CE5F28400D6CABC /* Build configuration list for PBXNativeTarget "EffectiveMobileTests" */;
			buildPhases = (
				37CE0A032CE5F28400D6CABC /* Sources */,
				37CE0A042CE5F28400D6CABC /* Frameworks */,
				37CE0A052CE5F28400D6CABC /* Resources */,
			);
			buildRules = (
			);
			dependencies = (
				37CE0A092CE5F28400D6CABC /* PBXTargetDependency */,
			);
			fileSystemSynchronizedGroups = (
				37CE0A0A2CE5F28400D6CABC /* EffectiveMobileTests */,
			);
			name = EffectiveMobileTests;
			packageProductDependencies = (
			);
			productName = EffectiveMobileTests;
			productReference = 37CE0A072CE5F28400D6CABC /* EffectiveMobileTests.xctest */;
			productType = "com.apple.product-type.bundle.unit-test";
		};
		37CE0A102CE5F28400D6CABC /* EffectiveMobileUITests */ = {
			isa = PBXNativeTarget;
			buildConfigurationList = 37CE0A222CE5F28400D6CABC /* Build configuration list for PBXNativeTarget "EffectiveMobileUITests" */;
			buildPhases = (
				37CE0A0D2CE5F28400D6CABC /* Sources */,
				37CE0A0E2CE5F28400D6CABC /* Frameworks */,
				37CE0A0F2CE5F28400D6CABC /* Resources */,
			);
			buildRules = (
			);
			dependencies = (
				37CE0A132CE5F28400D6CABC /* PBXTargetDependency */,
			);
			fileSystemSynchronizedGroups = (
				37CE0A142CE5F28400D6CABC /* EffectiveMobileUITests */,
			);
			name = EffectiveMobileUITests;
			packageProductDependencies = (
			);
			productName = EffectiveMobileUITests;
			productReference = 37CE0A112CE5F28400D6CABC /* EffectiveMobileUITests.xctest */;
			productType = "com.apple.product-type.bundle.ui-testing";
		};
/* End PBXNativeTarget section */

/* Begin PBXProject section */
		37CE09E62CE5F28100D6CABC /* Project object */ = {
			isa = PBXProject;
			attributes = {
				BuildIndependentTargetsInParallel = 1;
				LastSwiftUpdateCheck = 1610;
				LastUpgradeCheck = 1610;
				TargetAttributes = {
					37CE09ED2CE5F28100D6CABC = {
						CreatedOnToolsVersion = 16.1;
					};
					37CE0A062CE5F28400D6CABC = {
						CreatedOnToolsVersion = 16.1;
						TestTargetID = 37CE09ED2CE5F28100D6CABC;
					};
					37CE0A102CE5F28400D6CABC = {
						CreatedOnToolsVersion = 16.1;
						TestTargetID = 37CE09ED2CE5F28100D6CABC;
					};
				};
			};
			buildConfigurationList = 37CE09E92CE5F28100D6CABC /* Build configuration list for PBXProject "EffectiveMobile" */;
			developmentRegion = en;
			hasScannedForEncodings = 0;
			knownRegions = (
				en,
				Base,
			);
			mainGroup = 37CE09E52CE5F28100D6CABC;
			minimizedProjectReferenceProxies = 1;
			preferredProjectObjectVersion = 77;
			productRefGroup = 37CE09EF2CE5F28100D6CABC /* Products */;
			projectDirPath = "";
			projectRoot = "";
			targets = (
				37CE09ED2CE5F28100D6CABC /* EffectiveMobile */,
				37CE0A062CE5F28400D6CABC /* EffectiveMobileTests */,
				37CE0A102CE5F28400D6CABC /* EffectiveMobileUITests */,
			);
		};
/* End PBXProject section */

/* Begin PBXResourcesBuildPhase section */
		37CE09EC2CE5F28100D6CABC /* Resources */ = {
			isa = PBXResourcesBuildPhase;
			buildActionMask = 2147483647;
			files = (
				37CE0A312CE5F2F500D6CABC /* Assets.xcassets in Resources */,
				37CE0A332CE5F2F500D6CABC /* LaunchScreen.storyboard in Resources */,
			);
			runOnlyForDeploymentPostprocessing = 0;
		};
		37CE0A052CE5F28400D6CABC /* Resources */ = {
			isa = PBXResourcesBuildPhase;
			buildActionMask = 2147483647;
			files = (
			);
			runOnlyForDeploymentPostprocessing = 0;
		};
		37CE0A0F2CE5F28400D6CABC /* Resources */ = {
			isa = PBXResourcesBuildPhase;
			buildActionMask = 2147483647;
			files = (
			);
			runOnlyForDeploymentPostprocessing = 0;
		};
/* End PBXResourcesBuildPhase section */

/* Begin PBXSourcesBuildPhase section */
		37CE09EA2CE5F28100D6CABC /* Sources */ = {
			isa = PBXSourcesBuildPhase;
			buildActionMask = 2147483647;
			files = (
				37CE0A342CE5F2F500D6CABC /* AppDelegate.swift in Sources */,
				37CE0A5E2CE613BE00D6CABC /* TaskListInteractor.swift in Sources */,
				37CE0A5C2CE613B500D6CABC /* TaskListPresenter.swift in Sources */,
				37CE0A632CE6147800D6CABC /* NetworkManager.swift in Sources */,
				37CE0A362CE5F2F500D6CABC /* SceneDelegate.swift in Sources */,
				37CE0A5A2CE6139B00D6CABC /* TaskTableViewCell.swift in Sources */,
				37CE0A6D2CE625D900D6CABC /* NoteListConfigurator.swift in Sources */,
				37CE0A372CE5F2F500D6CABC /* ViewController.swift in Sources */,
				37CE0A502CE6069A00D6CABC /* Model.swift in Sources */,
				37CE0A602CE613C900D6CABC /* TaskListRouter.swift in Sources */,
				37CE0A6B2CE6221100D6CABC /* Extension.swift in Sources */,
				37CE0A672CE6193500D6CABC /* LaunchManager.swift in Sources */,
				37CE0A472CE6003900D6CABC /* StorageManager.swift in Sources */,
				37CE0A422CE6000D00D6CABC /* Task.swift in Sources */,
				37CE0A582CE6137B00D6CABC /* TaskListView.swift in Sources */,
			);
			runOnlyForDeploymentPostprocessing = 0;
		};
		37CE0A032CE5F28400D6CABC /* Sources */ = {
			isa = PBXSourcesBuildPhase;
			buildActionMask = 2147483647;
			files = (
				37CE0A462CE6003900D6CABC /* StorageManager.swift in Sources */,
				37CE0A682CE6193500D6CABC /* LaunchManager.swift in Sources */,
				37CE0A432CE6000D00D6CABC /* Task.swift in Sources */,
			);
			runOnlyForDeploymentPostprocessing = 0;
		};
		37CE0A0D2CE5F28400D6CABC /* Sources */ = {
			isa = PBXSourcesBuildPhase;
			buildActionMask = 2147483647;
			files = (
			);
			runOnlyForDeploymentPostprocessing = 0;
		};
/* End PBXSourcesBuildPhase section */

/* Begin PBXTargetDependency section */
		37CE0A092CE5F28400D6CABC /* PBXTargetDependency */ = {
			isa = PBXTargetDependency;
			target = 37CE09ED2CE5F28100D6CABC /* EffectiveMobile */;
			targetProxy = 37CE0A082CE5F28400D6CABC /* PBXContainerItemProxy */;
		};
		37CE0A132CE5F28400D6CABC /* PBXTargetDependency */ = {
			isa = PBXTargetDependency;
			target = 37CE09ED2CE5F28100D6CABC /* EffectiveMobile */;
			targetProxy = 37CE0A122CE5F28400D6CABC /* PBXContainerItemProxy */;
		};
/* End PBXTargetDependency section */

/* Begin PBXVariantGroup section */
		37CE0A2C2CE5F2F500D6CABC /* LaunchScreen.storyboard */ = {
			isa = PBXVariantGroup;
			children = (
				37CE0A2B2CE5F2F500D6CABC /* Base */,
			);
			name = LaunchScreen.storyboard;
			sourceTree = "<group>";
		};
/* End PBXVariantGroup section */

/* Begin XCBuildConfiguration section */
		37CE0A1B2CE5F28400D6CABC /* Debug */ = {
			isa = XCBuildConfiguration;
			buildSettings = {
				ASSETCATALOG_COMPILER_APPICON_NAME = AppIcon;
				ASSETCATALOG_COMPILER_GLOBAL_ACCENT_COLOR_NAME = AccentColor;
				CODE_SIGN_STYLE = Automatic;
				CURRENT_PROJECT_VERSION = 1;
				DEVELOPMENT_TEAM = T3Y57V3BSA;
				GENERATE_INFOPLIST_FILE = YES;
				INFOPLIST_FILE = EffectiveMobile/Info.plist;
				INFOPLIST_KEY_UIApplicationSupportsIndirectInputEvents = YES;
				INFOPLIST_KEY_UILaunchStoryboardName = LaunchScreen;
				INFOPLIST_KEY_UISupportedInterfaceOrientations_iPad = "UIInterfaceOrientationPortrait UIInterfaceOrientationPortraitUpsideDown UIInterfaceOrientationLandscapeLeft UIInterfaceOrientationLandscapeRight";
				INFOPLIST_KEY_UISupportedInterfaceOrientations_iPhone = "UIInterfaceOrientationPortrait UIInterfaceOrientationLandscapeLeft UIInterfaceOrientationLandscapeRight";
				LD_RUNPATH_SEARCH_PATHS = (
					"$(inherited)",
					"@executable_path/Frameworks",
				);
				MARKETING_VERSION = 1.0;
				PRODUCT_BUNDLE_IDENTIFIER = com.grad0ff.Developer.EffectiveMobile;
				PRODUCT_NAME = "$(TARGET_NAME)";
				SWIFT_EMIT_LOC_STRINGS = YES;
				SWIFT_VERSION = 5.0;
				TARGETED_DEVICE_FAMILY = "1,2";
			};
			name = Debug;
		};
		37CE0A1C2CE5F28400D6CABC /* Release */ = {
			isa = XCBuildConfiguration;
			buildSettings = {
				ASSETCATALOG_COMPILER_APPICON_NAME = AppIcon;
				ASSETCATALOG_COMPILER_GLOBAL_ACCENT_COLOR_NAME = AccentColor;
				CODE_SIGN_STYLE = Automatic;
				CURRENT_PROJECT_VERSION = 1;
				DEVELOPMENT_TEAM = T3Y57V3BSA;
				GENERATE_INFOPLIST_FILE = YES;
				INFOPLIST_FILE = EffectiveMobile/Info.plist;
				INFOPLIST_KEY_UIApplicationSupportsIndirectInputEvents = YES;
				INFOPLIST_KEY_UILaunchStoryboardName = LaunchScreen;
				INFOPLIST_KEY_UISupportedInterfaceOrientations_iPad = "UIInterfaceOrientationPortrait UIInterfaceOrientationPortraitUpsideDown UIInterfaceOrientationLandscapeLeft UIInterfaceOrientationLandscapeRight";
				INFOPLIST_KEY_UISupportedInterfaceOrientations_iPhone = "UIInterfaceOrientationPortrait UIInterfaceOrientationLandscapeLeft UIInterfaceOrientationLandscapeRight";
				LD_RUNPATH_SEARCH_PATHS = (
					"$(inherited)",
					"@executable_path/Frameworks",
				);
				MARKETING_VERSION = 1.0;
				PRODUCT_BUNDLE_IDENTIFIER = com.grad0ff.Developer.EffectiveMobile;
				PRODUCT_NAME = "$(TARGET_NAME)";
				SWIFT_EMIT_LOC_STRINGS = YES;
				SWIFT_VERSION = 5.0;
				TARGETED_DEVICE_FAMILY = "1,2";
			};
			name = Release;
		};
		37CE0A1D2CE5F28400D6CABC /* Debug */ = {
			isa = XCBuildConfiguration;
			buildSettings = {
				ALWAYS_SEARCH_USER_PATHS = NO;
				ASSETCATALOG_COMPILER_GENERATE_SWIFT_ASSET_SYMBOL_EXTENSIONS = YES;
				CLANG_ANALYZER_NONNULL = YES;
				CLANG_ANALYZER_NUMBER_OBJECT_CONVERSION = YES_AGGRESSIVE;
				CLANG_CXX_LANGUAGE_STANDARD = "gnu++20";
				CLANG_ENABLE_MODULES = YES;
				CLANG_ENABLE_OBJC_ARC = YES;
				CLANG_ENABLE_OBJC_WEAK = YES;
				CLANG_WARN_BLOCK_CAPTURE_AUTORELEASING = YES;
				CLANG_WARN_BOOL_CONVERSION = YES;
				CLANG_WARN_COMMA = YES;
				CLANG_WARN_CONSTANT_CONVERSION = YES;
				CLANG_WARN_DEPRECATED_OBJC_IMPLEMENTATIONS = YES;
				CLANG_WARN_DIRECT_OBJC_ISA_USAGE = YES_ERROR;
				CLANG_WARN_DOCUMENTATION_COMMENTS = YES;
				CLANG_WARN_EMPTY_BODY = YES;
				CLANG_WARN_ENUM_CONVERSION = YES;
				CLANG_WARN_INFINITE_RECURSION = YES;
				CLANG_WARN_INT_CONVERSION = YES;
				CLANG_WARN_NON_LITERAL_NULL_CONVERSION = YES;
				CLANG_WARN_OBJC_IMPLICIT_RETAIN_SELF = YES;
				CLANG_WARN_OBJC_LITERAL_CONVERSION = YES;
				CLANG_WARN_OBJC_ROOT_CLASS = YES_ERROR;
				CLANG_WARN_QUOTED_INCLUDE_IN_FRAMEWORK_HEADER = YES;
				CLANG_WARN_RANGE_LOOP_ANALYSIS = YES;
				CLANG_WARN_STRICT_PROTOTYPES = YES;
				CLANG_WARN_SUSPICIOUS_MOVE = YES;
				CLANG_WARN_UNGUARDED_AVAILABILITY = YES_AGGRESSIVE;
				CLANG_WARN_UNREACHABLE_CODE = YES;
				CLANG_WARN__DUPLICATE_METHOD_MATCH = YES;
				COPY_PHASE_STRIP = NO;
				DEBUG_INFORMATION_FORMAT = dwarf;
				ENABLE_STRICT_OBJC_MSGSEND = YES;
				ENABLE_TESTABILITY = YES;
				ENABLE_USER_SCRIPT_SANDBOXING = YES;
				GCC_C_LANGUAGE_STANDARD = gnu17;
				GCC_DYNAMIC_NO_PIC = NO;
				GCC_NO_COMMON_BLOCKS = YES;
				GCC_OPTIMIZATION_LEVEL = 0;
				GCC_PREPROCESSOR_DEFINITIONS = (
					"DEBUG=1",
					"$(inherited)",
				);
				GCC_WARN_64_TO_32_BIT_CONVERSION = YES;
				GCC_WARN_ABOUT_RETURN_TYPE = YES_ERROR;
				GCC_WARN_UNDECLARED_SELECTOR = YES;
				GCC_WARN_UNINITIALIZED_AUTOS = YES_AGGRESSIVE;
				GCC_WARN_UNUSED_FUNCTION = YES;
				GCC_WARN_UNUSED_VARIABLE = YES;
				IPHONEOS_DEPLOYMENT_TARGET = 18.1;
				LOCALIZATION_PREFERS_STRING_CATALOGS = YES;
				MTL_ENABLE_DEBUG_INFO = INCLUDE_SOURCE;
				MTL_FAST_MATH = YES;
				ONLY_ACTIVE_ARCH = YES;
				SDKROOT = iphoneos;
				SWIFT_ACTIVE_COMPILATION_CONDITIONS = "DEBUG $(inherited)";
				SWIFT_OPTIMIZATION_LEVEL = "-Onone";
			};
			name = Debug;
		};
		37CE0A1E2CE5F28400D6CABC /* Release */ = {
			isa = XCBuildConfiguration;
			buildSettings = {
				ALWAYS_SEARCH_USER_PATHS = NO;
				ASSETCATALOG_COMPILER_GENERATE_SWIFT_ASSET_SYMBOL_EXTENSIONS = YES;
				CLANG_ANALYZER_NONNULL = YES;
				CLANG_ANALYZER_NUMBER_OBJECT_CONVERSION = YES_AGGRESSIVE;
				CLANG_CXX_LANGUAGE_STANDARD = "gnu++20";
				CLANG_ENABLE_MODULES = YES;
				CLANG_ENABLE_OBJC_ARC = YES;
				CLANG_ENABLE_OBJC_WEAK = YES;
				CLANG_WARN_BLOCK_CAPTURE_AUTORELEASING = YES;
				CLANG_WARN_BOOL_CONVERSION = YES;
				CLANG_WARN_COMMA = YES;
				CLANG_WARN_CONSTANT_CONVERSION = YES;
				CLANG_WARN_DEPRECATED_OBJC_IMPLEMENTATIONS = YES;
				CLANG_WARN_DIRECT_OBJC_ISA_USAGE = YES_ERROR;
				CLANG_WARN_DOCUMENTATION_COMMENTS = YES;
				CLANG_WARN_EMPTY_BODY = YES;
				CLANG_WARN_ENUM_CONVERSION = YES;
				CLANG_WARN_INFINITE_RECURSION = YES;
				CLANG_WARN_INT_CONVERSION = YES;
				CLANG_WARN_NON_LITERAL_NULL_CONVERSION = YES;
				CLANG_WARN_OBJC_IMPLICIT_RETAIN_SELF = YES;
				CLANG_WARN_OBJC_LITERAL_CONVERSION = YES;
				CLANG_WARN_OBJC_ROOT_CLASS = YES_ERROR;
				CLANG_WARN_QUOTED_INCLUDE_IN_FRAMEWORK_HEADER = YES;
				CLANG_WARN_RANGE_LOOP_ANALYSIS = YES;
				CLANG_WARN_STRICT_PROTOTYPES = YES;
				CLANG_WARN_SUSPICIOUS_MOVE = YES;
				CLANG_WARN_UNGUARDED_AVAILABILITY = YES_AGGRESSIVE;
				CLANG_WARN_UNREACHABLE_CODE = YES;
				CLANG_WARN__DUPLICATE_METHOD_MATCH = YES;
				COPY_PHASE_STRIP = NO;
				DEBUG_INFORMATION_FORMAT = "dwarf-with-dsym";
				ENABLE_NS_ASSERTIONS = NO;
				ENABLE_STRICT_OBJC_MSGSEND = YES;
				ENABLE_USER_SCRIPT_SANDBOXING = YES;
				GCC_C_LANGUAGE_STANDARD = gnu17;
				GCC_NO_COMMON_BLOCKS = YES;
				GCC_WARN_64_TO_32_BIT_CONVERSION = YES;
				GCC_WARN_ABOUT_RETURN_TYPE = YES_ERROR;
				GCC_WARN_UNDECLARED_SELECTOR = YES;
				GCC_WARN_UNINITIALIZED_AUTOS = YES_AGGRESSIVE;
				GCC_WARN_UNUSED_FUNCTION = YES;
				GCC_WARN_UNUSED_VARIABLE = YES;
				IPHONEOS_DEPLOYMENT_TARGET = 18.1;
				LOCALIZATION_PREFERS_STRING_CATALOGS = YES;
				MTL_ENABLE_DEBUG_INFO = NO;
				MTL_FAST_MATH = YES;
				SDKROOT = iphoneos;
				SWIFT_COMPILATION_MODE = wholemodule;
				VALIDATE_PRODUCT = YES;
			};
			name = Release;
		};
		37CE0A202CE5F28400D6CABC /* Debug */ = {
			isa = XCBuildConfiguration;
			buildSettings = {
				BUNDLE_LOADER = "$(TEST_HOST)";
				CODE_SIGN_STYLE = Automatic;
				CURRENT_PROJECT_VERSION = 1;
				DEVELOPMENT_TEAM = T3Y57V3BSA;
				GENERATE_INFOPLIST_FILE = YES;
				IPHONEOS_DEPLOYMENT_TARGET = 18.1;
				MARKETING_VERSION = 1.0;
				PRODUCT_BUNDLE_IDENTIFIER = com.grad0ff.Developer.EffectiveMobileTests;
				PRODUCT_NAME = "$(TARGET_NAME)";
				SWIFT_EMIT_LOC_STRINGS = NO;
				SWIFT_VERSION = 5.0;
				TARGETED_DEVICE_FAMILY = "1,2";
				TEST_HOST = "$(BUILT_PRODUCTS_DIR)/EffectiveMobile.app/$(BUNDLE_EXECUTABLE_FOLDER_PATH)/EffectiveMobile";
			};
			name = Debug;
		};
		37CE0A212CE5F28400D6CABC /* Release */ = {
			isa = XCBuildConfiguration;
			buildSettings = {
				BUNDLE_LOADER = "$(TEST_HOST)";
				CODE_SIGN_STYLE = Automatic;
				CURRENT_PROJECT_VERSION = 1;
				DEVELOPMENT_TEAM = T3Y57V3BSA;
				GENERATE_INFOPLIST_FILE = YES;
				IPHONEOS_DEPLOYMENT_TARGET = 18.1;
				MARKETING_VERSION = 1.0;
				PRODUCT_BUNDLE_IDENTIFIER = com.grad0ff.Developer.EffectiveMobileTests;
				PRODUCT_NAME = "$(TARGET_NAME)";
				SWIFT_EMIT_LOC_STRINGS = NO;
				SWIFT_VERSION = 5.0;
				TARGETED_DEVICE_FAMILY = "1,2";
				TEST_HOST = "$(BUILT_PRODUCTS_DIR)/EffectiveMobile.app/$(BUNDLE_EXECUTABLE_FOLDER_PATH)/EffectiveMobile";
			};
			name = Release;
		};
		37CE0A232CE5F28400D6CABC /* Debug */ = {
			isa = XCBuildConfiguration;
			buildSettings = {
				CODE_SIGN_STYLE = Automatic;
				CURRENT_PROJECT_VERSION = 1;
				DEVELOPMENT_TEAM = T3Y57V3BSA;
				GENERATE_INFOPLIST_FILE = YES;
				MARKETING_VERSION = 1.0;
				PRODUCT_BUNDLE_IDENTIFIER = com.grad0ff.Developer.EffectiveMobileUITests;
				PRODUCT_NAME = "$(TARGET_NAME)";
				SWIFT_EMIT_LOC_STRINGS = NO;
				SWIFT_VERSION = 5.0;
				TARGETED_DEVICE_FAMILY = "1,2";
				TEST_TARGET_NAME = EffectiveMobile;
			};
			name = Debug;
		};
		37CE0A242CE5F28400D6CABC /* Release */ = {
			isa = XCBuildConfiguration;
			buildSettings = {
				CODE_SIGN_STYLE = Automatic;
				CURRENT_PROJECT_VERSION = 1;
				DEVELOPMENT_TEAM = T3Y57V3BSA;
				GENERATE_INFOPLIST_FILE = YES;
				MARKETING_VERSION = 1.0;
				PRODUCT_BUNDLE_IDENTIFIER = com.grad0ff.Developer.EffectiveMobileUITests;
				PRODUCT_NAME = "$(TARGET_NAME)";
				SWIFT_EMIT_LOC_STRINGS = NO;
				SWIFT_VERSION = 5.0;
				TARGETED_DEVICE_FAMILY = "1,2";
				TEST_TARGET_NAME = EffectiveMobile;
			};
			name = Release;
		};
/* End XCBuildConfiguration section */

/* Begin XCConfigurationList section */
		37CE09E92CE5F28100D6CABC /* Build configuration list for PBXProject "EffectiveMobile" */ = {
			isa = XCConfigurationList;
			buildConfigurations = (
				37CE0A1D2CE5F28400D6CABC /* Debug */,
				37CE0A1E2CE5F28400D6CABC /* Release */,
			);
			defaultConfigurationIsVisible = 0;
			defaultConfigurationName = Release;
		};
		37CE0A1A2CE5F28400D6CABC /* Build configuration list for PBXNativeTarget "EffectiveMobile" */ = {
			isa = XCConfigurationList;
			buildConfigurations = (
				37CE0A1B2CE5F28400D6CABC /* Debug */,
				37CE0A1C2CE5F28400D6CABC /* Release */,
			);
			defaultConfigurationIsVisible = 0;
			defaultConfigurationName = Release;
		};
		37CE0A1F2CE5F28400D6CABC /* Build configuration list for PBXNativeTarget "EffectiveMobileTests" */ = {
			isa = XCConfigurationList;
			buildConfigurations = (
				37CE0A202CE5F28400D6CABC /* Debug */,
				37CE0A212CE5F28400D6CABC /* Release */,
			);
			defaultConfigurationIsVisible = 0;
			defaultConfigurationName = Release;
		};
		37CE0A222CE5F28400D6CABC /* Build configuration list for PBXNativeTarget "EffectiveMobileUITests" */ = {
			isa = XCConfigurationList;
			buildConfigurations = (
				37CE0A232CE5F28400D6CABC /* Debug */,
				37CE0A242CE5F28400D6CABC /* Release */,
			);
			defaultConfigurationIsVisible = 0;
			defaultConfigurationName = Release;
		};
/* End XCConfigurationList section */
	};
	rootObject = 37CE09E62CE5F28100D6CABC /* Project object */;
}
