// !$*UTF8*$!
{
	archiveVersion = 1;
	classes = {
	};
	objectVersion = 77;
	objects = {

/* Begin PBXBuildFile section */
		103E1AA5787D54E51546FB34 /* Pods_EffectiveMobileTests.framework in Frameworks */ = {isa = PBXBuildFile; fileRef = AB34D8105B8772ED9D608F24 /* Pods_EffectiveMobileTests.framework */; };
		37249E4B2CECC22F004CE5DD /* Task.swift in Sources */ = {isa = PBXBuildFile; fileRef = 37249E492CECC22F004CE5DD /* Task.swift */; };
		37249E4D2CECC22F004CE5DD /* Task.swift in Sources */ = {isa = PBXBuildFile; fileRef = 37249E492CECC22F004CE5DD /* Task.swift */; };
		37249E502CECC988004CE5DD /* Task.xcdatamodel in Sources */ = {isa = PBXBuildFile; fileRef = 37249E4F2CECC988004CE5DD /* Task.xcdatamodel */; };
		37249E542CEDBAD9004CE5DD /* SelectedTaskView.swift in Sources */ = {isa = PBXBuildFile; fileRef = 37249E532CEDBAD9004CE5DD /* SelectedTaskView.swift */; };
		37249E562CEDBB07004CE5DD /* SelectedTaskConfigurator.swift in Sources */ = {isa = PBXBuildFile; fileRef = 37249E552CEDBB07004CE5DD /* SelectedTaskConfigurator.swift */; };
		37249E5B2CEDC872004CE5DD /* SelectedTaskPresenter.swift in Sources */ = {isa = PBXBuildFile; fileRef = 37249E5A2CEDC872004CE5DD /* SelectedTaskPresenter.swift */; };
		37249E5D2CEDCB3E004CE5DD /* SelectedTaskInteractor.swift in Sources */ = {isa = PBXBuildFile; fileRef = 37249E5C2CEDCB3E004CE5DD /* SelectedTaskInteractor.swift */; };
		37249E602CEDF966004CE5DD /* EditData.swift in Sources */ = {isa = PBXBuildFile; fileRef = 37249E5F2CEDF966004CE5DD /* EditData.swift */; };
		37249E622CEE08EE004CE5DD /* SelectedTaskTableViewCell.swift in Sources */ = {isa = PBXBuildFile; fileRef = 37249E612CEE08EE004CE5DD /* SelectedTaskTableViewCell.swift */; };
		378776922CEC9C91003CF58F /* SFUIText-Bold.ttf in Resources */ = {isa = PBXBuildFile; fileRef = 378776912CEC9C91003CF58F /* SFUIText-Bold.ttf */; };
		378776942CEC9CA1003CF58F /* SFUIText-Medium.ttf in Resources */ = {isa = PBXBuildFile; fileRef = 378776932CEC9CA1003CF58F /* SFUIText-Medium.ttf */; };
		378776962CEC9CAA003CF58F /* SFUIText-Regular.ttf in Resources */ = {isa = PBXBuildFile; fileRef = 378776952CEC9CAA003CF58F /* SFUIText-Regular.ttf */; };
		378776982CEC9CC2003CF58F /* Font.ext.swift in Sources */ = {isa = PBXBuildFile; fileRef = 378776972CEC9CBC003CF58F /* Font.ext.swift */; };
		3787769D2CECA9E5003CF58F /* UIView.ext.swift in Sources */ = {isa = PBXBuildFile; fileRef = 3787769C2CECA9E5003CF58F /* UIView.ext.swift */; };
		3787769F2CECA9FB003CF58F /* Response.ext.swift in Sources */ = {isa = PBXBuildFile; fileRef = 3787769E2CECA9FB003CF58F /* Response.ext.swift */; };
		37AF4ABE2CEEE863008EBF3C /* TaskPageConfigurator.swift in Sources */ = {isa = PBXBuildFile; fileRef = 37AF4ABD2CEEE863008EBF3C /* TaskPageConfigurator.swift */; };
		37AF4AC02CEEE909008EBF3C /* TaskPageView.swift in Sources */ = {isa = PBXBuildFile; fileRef = 37AF4ABF2CEEE909008EBF3C /* TaskPageView.swift */; };
		37AF4AC22CEEEA8A008EBF3C /* TaskPagePresenter.swift in Sources */ = {isa = PBXBuildFile; fileRef = 37AF4AC12CEEEA8A008EBF3C /* TaskPagePresenter.swift */; };
		37AF4AC42CEEEAB9008EBF3C /* TaskPageInteractor.swift in Sources */ = {isa = PBXBuildFile; fileRef = 37AF4AC32CEEEAB9008EBF3C /* TaskPageInteractor.swift */; };
		37CE0A312CE5F2F500D6CABC /* Assets.xcassets in Resources */ = {isa = PBXBuildFile; fileRef = 37CE0A282CE5F2F500D6CABC /* Assets.xcassets */; };
		37CE0A332CE5F2F500D6CABC /* LaunchScreen.storyboard in Resources */ = {isa = PBXBuildFile; fileRef = 37CE0A2C2CE5F2F500D6CABC /* LaunchScreen.storyboard */; };
		37CE0A342CE5F2F500D6CABC /* AppDelegate.swift in Sources */ = {isa = PBXBuildFile; fileRef = 37CE0A272CE5F2F500D6CABC /* AppDelegate.swift */; };
		37CE0A362CE5F2F500D6CABC /* SceneDelegate.swift in Sources */ = {isa = PBXBuildFile; fileRef = 37CE0A2D2CE5F2F500D6CABC /* SceneDelegate.swift */; };
		37CE0A462CE6003900D6CABC /* StorageManager.swift in Sources */ = {isa = PBXBuildFile; fileRef = 37CE0A452CE6003900D6CABC /* StorageManager.swift */; };
		37CE0A472CE6003900D6CABC /* StorageManager.swift in Sources */ = {isa = PBXBuildFile; fileRef = 37CE0A452CE6003900D6CABC /* StorageManager.swift */; };
		37CE0A502CE6069A00D6CABC /* Model.swift in Sources */ = {isa = PBXBuildFile; fileRef = 37CE0A4F2CE6069A00D6CABC /* Model.swift */; };
		37CE0A582CE6137B00D6CABC /* TaskListView.swift in Sources */ = {isa = PBXBuildFile; fileRef = 37CE0A572CE6137B00D6CABC /* TaskListView.swift */; };
		37CE0A5A2CE6139B00D6CABC /* TaskTableViewCell.swift in Sources */ = {isa = PBXBuildFile; fileRef = 37CE0A592CE6139B00D6CABC /* TaskTableViewCell.swift */; };
		37CE0A5C2CE613B500D6CABC /* TaskListPresenter.swift in Sources */ = {isa = PBXBuildFile; fileRef = 37CE0A5B2CE613B500D6CABC /* TaskListPresenter.swift */; };
		37CE0A5E2CE613BE00D6CABC /* TaskListInteractor.swift in Sources */ = {isa = PBXBuildFile; fileRef = 37CE0A5D2CE613BE00D6CABC /* TaskListInteractor.swift */; };
		37CE0A602CE613C900D6CABC /* TaskListRouter.swift in Sources */ = {isa = PBXBuildFile; fileRef = 37CE0A5F2CE613C900D6CABC /* TaskListRouter.swift */; };
		37CE0A632CE6147800D6CABC /* NetworkManager.swift in Sources */ = {isa = PBXBuildFile; fileRef = 37CE0A622CE6147800D6CABC /* NetworkManager.swift */; };
		37CE0A672CE6193500D6CABC /* LaunchManager.swift in Sources */ = {isa = PBXBuildFile; fileRef = 37CE0A662CE6193500D6CABC /* LaunchManager.swift */; };
		37CE0A682CE6193500D6CABC /* LaunchManager.swift in Sources */ = {isa = PBXBuildFile; fileRef = 37CE0A662CE6193500D6CABC /* LaunchManager.swift */; };
		37CE0A6B2CE6221100D6CABC /* Date.ext.swift in Sources */ = {isa = PBXBuildFile; fileRef = 37CE0A6A2CE6221100D6CABC /* Date.ext.swift */; };
		37CE0A6D2CE625D900D6CABC /* TaskListConfigurator.swift in Sources */ = {isa = PBXBuildFile; fileRef = 37CE0A6C2CE625D900D6CABC /* TaskListConfigurator.swift */; };
		37CE0A7B2CE8DD5E00D6CABC /* Protocol.swift in Sources */ = {isa = PBXBuildFile; fileRef = 37CE0A7A2CE8DD5E00D6CABC /* Protocol.swift */; };
		5E21BED27238D81C4F5795BD /* Pods_EffectiveMobile_EffectiveMobileUITests.framework in Frameworks */ = {isa = PBXBuildFile; fileRef = 98A9BB37455169255AAD2080 /* Pods_EffectiveMobile_EffectiveMobileUITests.framework */; };
		8420F2A9CA0E037170E68C58 /* Pods_EffectiveMobile.framework in Frameworks */ = {isa = PBXBuildFile; fileRef = EBC2B18ACA989301F068E6F2 /* Pods_EffectiveMobile.framework */; };
/* End PBXBuildFile section */

/* Begin PBXContainerItemProxy section */
		37CE0A082CE5F28400D6CABC /* PBXContainerItemProxy */ = {
			isa = PBXContainerItemProxy;
			containerPortal = 37CE09E62CE5F28100D6CABC /* Project object */;
			proxyType = 1;
			remoteGlobalIDString = 37CE09ED2CE5F28100D6CABC;
			remoteInfo = EffectiveMobile;
		};
		37CE0A122CE5F28400D6CABC /* PBXContainerItemProxy */ = {
			isa = PBXContainerItemProxy;
			containerPortal = 37CE09E62CE5F28100D6CABC /* Project object */;
			proxyType = 1;
			remoteGlobalIDString = 37CE09ED2CE5F28100D6CABC;
			remoteInfo = EffectiveMobile;
		};
/* End PBXContainerItemProxy section */

/* Begin PBXFileReference section */
		37249E492CECC22F004CE5DD /* Task.swift */ = {isa = PBXFileReference; lastKnownFileType = sourcecode.swift; path = Task.swift; sourceTree = "<group>"; };
		37249E4F2CECC988004CE5DD /* Task.xcdatamodel */ = {isa = PBXFileReference; lastKnownFileType = wrapper.xcdatamodel; path = Task.xcdatamodel; sourceTree = "<group>"; };
		37249E532CEDBAD9004CE5DD /* SelectedTaskView.swift */ = {isa = PBXFileReference; lastKnownFileType = sourcecode.swift; path = SelectedTaskView.swift; sourceTree = "<group>"; };
		37249E552CEDBB07004CE5DD /* SelectedTaskConfigurator.swift */ = {isa = PBXFileReference; lastKnownFileType = sourcecode.swift; path = SelectedTaskConfigurator.swift; sourceTree = "<group>"; };
		37249E5A2CEDC872004CE5DD /* SelectedTaskPresenter.swift */ = {isa = PBXFileReference; lastKnownFileType = sourcecode.swift; path = SelectedTaskPresenter.swift; sourceTree = "<group>"; };
		37249E5C2CEDCB3E004CE5DD /* SelectedTaskInteractor.swift */ = {isa = PBXFileReference; lastKnownFileType = sourcecode.swift; path = SelectedTaskInteractor.swift; sourceTree = "<group>"; };
		37249E5F2CEDF966004CE5DD /* EditData.swift */ = {isa = PBXFileReference; lastKnownFileType = sourcecode.swift; path = EditData.swift; sourceTree = "<group>"; };
		37249E612CEE08EE004CE5DD /* SelectedTaskTableViewCell.swift */ = {isa = PBXFileReference; lastKnownFileType = sourcecode.swift; path = SelectedTaskTableViewCell.swift; sourceTree = "<group>"; };
		378776912CEC9C91003CF58F /* SFUIText-Bold.ttf */ = {isa = PBXFileReference; lastKnownFileType = file; path = "SFUIText-Bold.ttf"; sourceTree = "<group>"; };
		378776932CEC9CA1003CF58F /* SFUIText-Medium.ttf */ = {isa = PBXFileReference; lastKnownFileType = file; path = "SFUIText-Medium.ttf"; sourceTree = "<group>"; };
		378776952CEC9CAA003CF58F /* SFUIText-Regular.ttf */ = {isa = PBXFileReference; lastKnownFileType = file; path = "SFUIText-Regular.ttf"; sourceTree = "<group>"; };
		378776972CEC9CBC003CF58F /* Font.ext.swift */ = {isa = PBXFileReference; lastKnownFileType = sourcecode.swift; path = Font.ext.swift; sourceTree = "<group>"; };
		3787769C2CECA9E5003CF58F /* UIView.ext.swift */ = {isa = PBXFileReference; lastKnownFileType = sourcecode.swift; path = UIView.ext.swift; sourceTree = "<group>"; };
		3787769E2CECA9FB003CF58F /* Response.ext.swift */ = {isa = PBXFileReference; lastKnownFileType = sourcecode.swift; path = Response.ext.swift; sourceTree = "<group>"; };
		37AF4ABD2CEEE863008EBF3C /* TaskPageConfigurator.swift */ = {isa = PBXFileReference; lastKnownFileType = sourcecode.swift; path = TaskPageConfigurator.swift; sourceTree = "<group>"; };
		37AF4ABF2CEEE909008EBF3C /* TaskPageView.swift */ = {isa = PBXFileReference; lastKnownFileType = sourcecode.swift; path = TaskPageView.swift; sourceTree = "<group>"; };
		37AF4AC12CEEEA8A008EBF3C /* TaskPagePresenter.swift */ = {isa = PBXFileReference; lastKnownFileType = sourcecode.swift; path = TaskPagePresenter.swift; sourceTree = "<group>"; };
		37AF4AC32CEEEAB9008EBF3C /* TaskPageInteractor.swift */ = {isa = PBXFileReference; lastKnownFileType = sourcecode.swift; path = TaskPageInteractor.swift; sourceTree = "<group>"; };
		37CE09EE2CE5F28100D6CABC /* EffectiveMobile.app */ = {isa = PBXFileReference; explicitFileType = wrapper.application; includeInIndex = 0; path = EffectiveMobile.app; sourceTree = BUILT_PRODUCTS_DIR; };
		37CE0A072CE5F28400D6CABC /* EffectiveMobileTests.xctest */ = {isa = PBXFileReference; explicitFileType = wrapper.cfbundle; includeInIndex = 0; path = EffectiveMobileTests.xctest; sourceTree = BUILT_PRODUCTS_DIR; };
		37CE0A112CE5F28400D6CABC /* EffectiveMobileUITests.xctest */ = {isa = PBXFileReference; explicitFileType = wrapper.cfbundle; includeInIndex = 0; path = EffectiveMobileUITests.xctest; sourceTree = BUILT_PRODUCTS_DIR; };
		37CE0A272CE5F2F500D6CABC /* AppDelegate.swift */ = {isa = PBXFileReference; lastKnownFileType = sourcecode.swift; path = AppDelegate.swift; sourceTree = "<group>"; };
		37CE0A282CE5F2F500D6CABC /* Assets.xcassets */ = {isa = PBXFileReference; lastKnownFileType = folder.assetcatalog; path = Assets.xcassets; sourceTree = "<group>"; };
		37CE0A2A2CE5F2F500D6CABC /* Info.plist */ = {isa = PBXFileReference; lastKnownFileType = text.plist.xml; path = Info.plist; sourceTree = "<group>"; };
		37CE0A2B2CE5F2F500D6CABC /* Base */ = {isa = PBXFileReference; lastKnownFileType = file.storyboard; name = Base; path = Base.lproj/LaunchScreen.storyboard; sourceTree = "<group>"; };
		37CE0A2D2CE5F2F500D6CABC /* SceneDelegate.swift */ = {isa = PBXFileReference; lastKnownFileType = sourcecode.swift; path = SceneDelegate.swift; sourceTree = "<group>"; };
		37CE0A452CE6003900D6CABC /* StorageManager.swift */ = {isa = PBXFileReference; lastKnownFileType = sourcecode.swift; path = StorageManager.swift; sourceTree = "<group>"; };
		37CE0A4F2CE6069A00D6CABC /* Model.swift */ = {isa = PBXFileReference; lastKnownFileType = sourcecode.swift; path = Model.swift; sourceTree = "<group>"; };
		37CE0A572CE6137B00D6CABC /* TaskListView.swift */ = {isa = PBXFileReference; lastKnownFileType = sourcecode.swift; path = TaskListView.swift; sourceTree = "<group>"; };
		37CE0A592CE6139B00D6CABC /* TaskTableViewCell.swift */ = {isa = PBXFileReference; lastKnownFileType = sourcecode.swift; path = TaskTableViewCell.swift; sourceTree = "<group>"; };
		37CE0A5B2CE613B500D6CABC /* TaskListPresenter.swift */ = {isa = PBXFileReference; lastKnownFileType = sourcecode.swift; path = TaskListPresenter.swift; sourceTree = "<group>"; };
		37CE0A5D2CE613BE00D6CABC /* TaskListInteractor.swift */ = {isa = PBXFileReference; lastKnownFileType = sourcecode.swift; path = TaskListInteractor.swift; sourceTree = "<group>"; };
		37CE0A5F2CE613C900D6CABC /* TaskListRouter.swift */ = {isa = PBXFileReference; lastKnownFileType = sourcecode.swift; path = TaskListRouter.swift; sourceTree = "<group>"; };
		37CE0A622CE6147800D6CABC /* NetworkManager.swift */ = {isa = PBXFileReference; lastKnownFileType = sourcecode.swift; path = NetworkManager.swift; sourceTree = "<group>"; };
		37CE0A662CE6193500D6CABC /* LaunchManager.swift */ = {isa = PBXFileReference; lastKnownFileType = sourcecode.swift; path = LaunchManager.swift; sourceTree = "<group>"; };
		37CE0A6A2CE6221100D6CABC /* Date.ext.swift */ = {isa = PBXFileReference; lastKnownFileType = sourcecode.swift; path = Date.ext.swift; sourceTree = "<group>"; };
		37CE0A6C2CE625D900D6CABC /* TaskListConfigurator.swift */ = {isa = PBXFileReference; lastKnownFileType = sourcecode.swift; path = TaskListConfigurator.swift; sourceTree = "<group>"; };
		37CE0A7A2CE8DD5E00D6CABC /* Protocol.swift */ = {isa = PBXFileReference; lastKnownFileType = sourcecode.swift; path = Protocol.swift; sourceTree = "<group>"; };
		894C2986C56EA848DF09883C /* Pods-EffectiveMobileTests.release.xcconfig */ = {isa = PBXFileReference; includeInIndex = 1; lastKnownFileType = text.xcconfig; name = "Pods-EffectiveMobileTests.release.xcconfig"; path = "Target Support Files/Pods-EffectiveMobileTests/Pods-EffectiveMobileTests.release.xcconfig"; sourceTree = "<group>"; };
		98A9BB37455169255AAD2080 /* Pods_EffectiveMobile_EffectiveMobileUITests.framework */ = {isa = PBXFileReference; explicitFileType = wrapper.framework; includeInIndex = 0; path = Pods_EffectiveMobile_EffectiveMobileUITests.framework; sourceTree = BUILT_PRODUCTS_DIR; };
		AB34D8105B8772ED9D608F24 /* Pods_EffectiveMobileTests.framework */ = {isa = PBXFileReference; explicitFileType = wrapper.framework; includeInIndex = 0; path = Pods_EffectiveMobileTests.framework; sourceTree = BUILT_PRODUCTS_DIR; };
		B3D2AAAB0B16C27E56A67590 /* Pods-EffectiveMobileTests.debug.xcconfig */ = {isa = PBXFileReference; includeInIndex = 1; lastKnownFileType = text.xcconfig; name = "Pods-EffectiveMobileTests.debug.xcconfig"; path = "Target Support Files/Pods-EffectiveMobileTests/Pods-EffectiveMobileTests.debug.xcconfig"; sourceTree = "<group>"; };
		BF9D143A3BCDE15B8FB8E58C /* Pods-EffectiveMobile.debug.xcconfig */ = {isa = PBXFileReference; includeInIndex = 1; lastKnownFileType = text.xcconfig; name = "Pods-EffectiveMobile.debug.xcconfig"; path = "Target Support Files/Pods-EffectiveMobile/Pods-EffectiveMobile.debug.xcconfig"; sourceTree = "<group>"; };
		BFC0B0A88D74164436730583 /* Pods-EffectiveMobile-EffectiveMobileUITests.debug.xcconfig */ = {isa = PBXFileReference; includeInIndex = 1; lastKnownFileType = text.xcconfig; name = "Pods-EffectiveMobile-EffectiveMobileUITests.debug.xcconfig"; path = "Target Support Files/Pods-EffectiveMobile-EffectiveMobileUITests/Pods-EffectiveMobile-EffectiveMobileUITests.debug.xcconfig"; sourceTree = "<group>"; };
		C2D4DD8B120ECFABA94429BD /* Pods-EffectiveMobile.release.xcconfig */ = {isa = PBXFileReference; includeInIndex = 1; lastKnownFileType = text.xcconfig; name = "Pods-EffectiveMobile.release.xcconfig"; path = "Target Support Files/Pods-EffectiveMobile/Pods-EffectiveMobile.release.xcconfig"; sourceTree = "<group>"; };
		E19BF0CED2825F16964DE3AA /* Pods-EffectiveMobile-EffectiveMobileUITests.release.xcconfig */ = {isa = PBXFileReference; includeInIndex = 1; lastKnownFileType = text.xcconfig; name = "Pods-EffectiveMobile-EffectiveMobileUITests.release.xcconfig"; path = "Target Support Files/Pods-EffectiveMobile-EffectiveMobileUITests/Pods-EffectiveMobile-EffectiveMobileUITests.release.xcconfig"; sourceTree = "<group>"; };
		EBC2B18ACA989301F068E6F2 /* Pods_EffectiveMobile.framework */ = {isa = PBXFileReference; explicitFileType = wrapper.framework; includeInIndex = 0; path = Pods_EffectiveMobile.framework; sourceTree = BUILT_PRODUCTS_DIR; };
/* End PBXFileReference section */

/* Begin PBXFileSystemSynchronizedRootGroup section */
		37CE0A0A2CE5F28400D6CABC /* EffectiveMobileTests */ = {
			isa = PBXFileSystemSynchronizedRootGroup;
			path = EffectiveMobileTests;
			sourceTree = "<group>";
		};
		37CE0A142CE5F28400D6CABC /* EffectiveMobileUITests */ = {
			isa = PBXFileSystemSynchronizedRootGroup;
			path = EffectiveMobileUITests;
			sourceTree = "<group>";
		};
/* End PBXFileSystemSynchronizedRootGroup section */

/* Begin PBXFrameworksBuildPhase section */
		37CE09EB2CE5F28100D6CABC /* Frameworks */ = {
			isa = PBXFrameworksBuildPhase;
			buildActionMask = 2147483647;
			files = (
				8420F2A9CA0E037170E68C58 /* Pods_EffectiveMobile.framework in Frameworks */,
			);
			runOnlyForDeploymentPostprocessing = 0;
		};
		37CE0A042CE5F28400D6CABC /* Frameworks */ = {
			isa = PBXFrameworksBuildPhase;
			buildActionMask = 2147483647;
			files = (
				103E1AA5787D54E51546FB34 /* Pods_EffectiveMobileTests.framework in Frameworks */,
			);
			runOnlyForDeploymentPostprocessing = 0;
		};
		37CE0A0E2CE5F28400D6CABC /* Frameworks */ = {
			isa = PBXFrameworksBuildPhase;
			buildActionMask = 2147483647;
			files = (
				5E21BED27238D81C4F5795BD /* Pods_EffectiveMobile_EffectiveMobileUITests.framework in Frameworks */,
			);
			runOnlyForDeploymentPostprocessing = 0;
		};
/* End PBXFrameworksBuildPhase section */

/* Begin PBXGroup section */
		2497A6238A31748BF57C1169 /* Pods */ = {
			isa = PBXGroup;
			children = (
				BF9D143A3BCDE15B8FB8E58C /* Pods-EffectiveMobile.debug.xcconfig */,
				C2D4DD8B120ECFABA94429BD /* Pods-EffectiveMobile.release.xcconfig */,
				BFC0B0A88D74164436730583 /* Pods-EffectiveMobile-EffectiveMobileUITests.debug.xcconfig */,
				E19BF0CED2825F16964DE3AA /* Pods-EffectiveMobile-EffectiveMobileUITests.release.xcconfig */,
				B3D2AAAB0B16C27E56A67590 /* Pods-EffectiveMobileTests.debug.xcconfig */,
				894C2986C56EA848DF09883C /* Pods-EffectiveMobileTests.release.xcconfig */,
			);
			path = Pods;
			sourceTree = "<group>";
		};
		37249E512CEDBA8A004CE5DD /* SelectedTask */ = {
			isa = PBXGroup;
			children = (
				37249E522CEDBA95004CE5DD /* View */,
				37249E582CEDC847004CE5DD /* Interactor */,
				37249E572CEDC83E004CE5DD /* Presenter */,
				37249E5E2CEDF939004CE5DD /* Entity */,
				37249E552CEDBB07004CE5DD /* SelectedTaskConfigurator.swift */,
			);
			path = SelectedTask;
			sourceTree = "<group>";
		};
		37249E522CEDBA95004CE5DD /* View */ = {
			isa = PBXGroup;
			children = (
				37249E532CEDBAD9004CE5DD /* SelectedTaskView.swift */,
				37249E612CEE08EE004CE5DD /* SelectedTaskTableViewCell.swift */,
			);
			path = View;
			sourceTree = "<group>";
		};
		37249E572CEDC83E004CE5DD /* Presenter */ = {
			isa = PBXGroup;
			children = (
				37249E5A2CEDC872004CE5DD /* SelectedTaskPresenter.swift */,
			);
			path = Presenter;
			sourceTree = "<group>";
		};
		37249E582CEDC847004CE5DD /* Interactor */ = {
			isa = PBXGroup;
			children = (
				37249E5C2CEDCB3E004CE5DD /* SelectedTaskInteractor.swift */,
			);
			path = Interactor;
			sourceTree = "<group>";
		};
		37249E5E2CEDF939004CE5DD /* Entity */ = {
			isa = PBXGroup;
			children = (
				37249E5F2CEDF966004CE5DD /* EditData.swift */,
			);
			path = Entity;
			sourceTree = "<group>";
		};
		3787768F2CEC9C58003CF58F /* Resources */ = {
			isa = PBXGroup;
			children = (
				378776902CEC9C74003CF58F /* Fonts */,
			);
			path = Resources;
			sourceTree = "<group>";
		};
		378776902CEC9C74003CF58F /* Fonts */ = {
			isa = PBXGroup;
			children = (
				378776972CEC9CBC003CF58F /* Font.ext.swift */,
				378776912CEC9C91003CF58F /* SFUIText-Bold.ttf */,
				378776932CEC9CA1003CF58F /* SFUIText-Medium.ttf */,
				378776952CEC9CAA003CF58F /* SFUIText-Regular.ttf */,
			);
			path = Fonts;
			sourceTree = "<group>";
		};
		3787769B2CECA9D2003CF58F /* Extensions */ = {
			isa = PBXGroup;
			children = (
				37CE0A6A2CE6221100D6CABC /* Date.ext.swift */,
				3787769C2CECA9E5003CF58F /* UIView.ext.swift */,
				3787769E2CECA9FB003CF58F /* Response.ext.swift */,
			);
			path = Extensions;
			sourceTree = "<group>";
		};
		37AF4AB72CEEE827008EBF3C /* TaskPage */ = {
			isa = PBXGroup;
			children = (
				37AF4AB82CEEE82F008EBF3C /* View */,
				37AF4ABC2CEEE847008EBF3C /* Interactor */,
				37AF4ABB2CEEE841008EBF3C /* Presenter */,
				37AF4ABD2CEEE863008EBF3C /* TaskPageConfigurator.swift */,
			);
			path = TaskPage;
			sourceTree = "<group>";
		};
		37AF4AB82CEEE82F008EBF3C /* View */ = {
			isa = PBXGroup;
			children = (
				37AF4ABF2CEEE909008EBF3C /* TaskPageView.swift */,
			);
			path = View;
			sourceTree = "<group>";
		};
		37AF4ABB2CEEE841008EBF3C /* Presenter */ = {
			isa = PBXGroup;
			children = (
				37AF4AC12CEEEA8A008EBF3C /* TaskPagePresenter.swift */,
			);
			path = Presenter;
			sourceTree = "<group>";
		};
		37AF4ABC2CEEE847008EBF3C /* Interactor */ = {
			isa = PBXGroup;
			children = (
				37AF4AC32CEEEAB9008EBF3C /* TaskPageInteractor.swift */,
			);
			path = Interactor;
			sourceTree = "<group>";
		};
		37CE09E52CE5F28100D6CABC = {
			isa = PBXGroup;
			children = (
				37CE0A2F2CE5F2F500D6CABC /* EffectiveMobile */,
				37CE0A0A2CE5F28400D6CABC /* EffectiveMobileTests */,
				37CE0A142CE5F28400D6CABC /* EffectiveMobileUITests */,
				37CE09EF2CE5F28100D6CABC /* Products */,
				2497A6238A31748BF57C1169 /* Pods */,
				7EB599C56E08FD13F664F964 /* Frameworks */,
			);
			sourceTree = "<group>";
		};
		37CE09EF2CE5F28100D6CABC /* Products */ = {
			isa = PBXGroup;
			children = (
				37CE09EE2CE5F28100D6CABC /* EffectiveMobile.app */,
				37CE0A072CE5F28400D6CABC /* EffectiveMobileTests.xctest */,
				37CE0A112CE5F28400D6CABC /* EffectiveMobileUITests.xctest */,
			);
			name = Products;
			sourceTree = "<group>";
		};
		37CE0A262CE5F2F500D6CABC /* TaskList */ = {
			isa = PBXGroup;
			children = (
				37CE0A562CE6136600D6CABC /* View */,
				37CE0A552CE6136000D6CABC /* Interactor */,
				37CE0A542CE6135500D6CABC /* Presenter */,
				37CE0A512CE6122C00D6CABC /* Router */,
				37CE0A6C2CE625D900D6CABC /* TaskListConfigurator.swift */,
			);
			path = TaskList;
			sourceTree = "<group>";
		};
		37CE0A2F2CE5F2F500D6CABC /* EffectiveMobile */ = {
			isa = PBXGroup;
			children = (
				37CE0A4C2CE605D300D6CABC /* Flows */,
				37CE0A412CE6000D00D6CABC /* Storage */,
				37CE0A4D2CE6066A00D6CABC /* NetworkService */,
				37CE0A692CE621FC00D6CABC /* Components */,
				3787768F2CEC9C58003CF58F /* Resources */,
				37CE0A2A2CE5F2F500D6CABC /* Info.plist */,
				37CE0A282CE5F2F500D6CABC /* Assets.xcassets */,
				37CE0A2C2CE5F2F500D6CABC /* LaunchScreen.storyboard */,
				37249E4F2CECC988004CE5DD /* Task.xcdatamodel */,
				37CE0A272CE5F2F500D6CABC /* AppDelegate.swift */,
				37CE0A2D2CE5F2F500D6CABC /* SceneDelegate.swift */,
			);
			path = EffectiveMobile;
			sourceTree = "<group>";
		};
		37CE0A412CE6000D00D6CABC /* Storage */ = {
			isa = PBXGroup;
			children = (
				37CE0A452CE6003900D6CABC /* StorageManager.swift */,
				37CE0A442CE6001A00D6CABC /* Entity */,
				37CE0A652CE618AE00D6CABC /* Launcher */,
			);
			path = Storage;
			sourceTree = "<group>";
		};
		37CE0A442CE6001A00D6CABC /* Entity */ = {
			isa = PBXGroup;
			children = (
				37249E492CECC22F004CE5DD /* Task.swift */,
			);
			path = Entity;
			sourceTree = "<group>";
		};
		37CE0A4C2CE605D300D6CABC /* Flows */ = {
			isa = PBXGroup;
			children = (
				37AF4AB72CEEE827008EBF3C /* TaskPage */,
				37249E512CEDBA8A004CE5DD /* SelectedTask */,
				37CE0A262CE5F2F500D6CABC /* TaskList */,
			);
			path = Flows;
			sourceTree = "<group>";
		};
		37CE0A4D2CE6066A00D6CABC /* NetworkService */ = {
			isa = PBXGroup;
			children = (
				37CE0A4F2CE6069A00D6CABC /* Model.swift */,
				37CE0A622CE6147800D6CABC /* NetworkManager.swift */,
			);
			path = NetworkService;
			sourceTree = "<group>";
		};
		37CE0A512CE6122C00D6CABC /* Router */ = {
			isa = PBXGroup;
			children = (
				37CE0A5F2CE613C900D6CABC /* TaskListRouter.swift */,
			);
			path = Router;
			sourceTree = "<group>";
		};
		37CE0A542CE6135500D6CABC /* Presenter */ = {
			isa = PBXGroup;
			children = (
				37CE0A5B2CE613B500D6CABC /* TaskListPresenter.swift */,
			);
			path = Presenter;
			sourceTree = "<group>";
		};
		37CE0A552CE6136000D6CABC /* Interactor */ = {
			isa = PBXGroup;
			children = (
				37CE0A5D2CE613BE00D6CABC /* TaskListInteractor.swift */,
			);
			path = Interactor;
			sourceTree = "<group>";
		};
		37CE0A562CE6136600D6CABC /* View */ = {
			isa = PBXGroup;
			children = (
				37CE0A572CE6137B00D6CABC /* TaskListView.swift */,
				37CE0A592CE6139B00D6CABC /* TaskTableViewCell.swift */,
			);
			path = View;
			sourceTree = "<group>";
		};
		37CE0A652CE618AE00D6CABC /* Launcher */ = {
			isa = PBXGroup;
			children = (
				37CE0A662CE6193500D6CABC /* LaunchManager.swift */,
			);
			path = Launcher;
			sourceTree = "<group>";
		};
		37CE0A692CE621FC00D6CABC /* Components */ = {
			isa = PBXGroup;
			children = (
				3787769B2CECA9D2003CF58F /* Extensions */,
				37CE0A7A2CE8DD5E00D6CABC /* Protocol.swift */,
			);
			path = Components;
			sourceTree = "<group>";
		};
		7EB599C56E08FD13F664F964 /* Frameworks */ = {
			isa = PBXGroup;
			children = (
				EBC2B18ACA989301F068E6F2 /* Pods_EffectiveMobile.framework */,
				98A9BB37455169255AAD2080 /* Pods_EffectiveMobile_EffectiveMobileUITests.framework */,
				AB34D8105B8772ED9D608F24 /* Pods_EffectiveMobileTests.framework */,
			);
			name = Frameworks;
			sourceTree = "<group>";
		};
/* End PBXGroup section */

/* Begin PBXNativeTarget section */
		37CE09ED2CE5F28100D6CABC /* EffectiveMobile */ = {
			isa = PBXNativeTarget;
			buildConfigurationList = 37CE0A1A2CE5F28400D6CABC /* Build configuration list for PBXNativeTarget "EffectiveMobile" */;
			buildPhases = (
				978FBAC55A7FB9231395AFA7 /* [CP] Check Pods Manifest.lock */,
				37CE09EA2CE5F28100D6CABC /* Sources */,
				37CE09EB2CE5F28100D6CABC /* Frameworks */,
				37CE09EC2CE5F28100D6CABC /* Resources */,
				FF9F50231E683E098B0D6DAD /* [CP] Embed Pods Frameworks */,
			);
			buildRules = (
			);
			dependencies = (
			);
			name = EffectiveMobile;
			productName = EffectiveMobile;
			productReference = 37CE09EE2CE5F28100D6CABC /* EffectiveMobile.app */;
			productType = "com.apple.product-type.application";
		};
		37CE0A062CE5F28400D6CABC /* EffectiveMobileTests */ = {
			isa = PBXNativeTarget;
			buildConfigurationList = 37CE0A1F2CE5F28400D6CABC /* Build configuration list for PBXNativeTarget "EffectiveMobileTests" */;
			buildPhases = (
				69E91B39AD4C9F68CD6253F2 /* [CP] Check Pods Manifest.lock */,
				37CE0A032CE5F28400D6CABC /* Sources */,
				37CE0A042CE5F28400D6CABC /* Frameworks */,
				37CE0A052CE5F28400D6CABC /* Resources */,
			);
			buildRules = (
			);
			dependencies = (
				37CE0A092CE5F28400D6CABC /* PBXTargetDependency */,
			);
			fileSystemSynchronizedGroups = (
				37CE0A0A2CE5F28400D6CABC /* EffectiveMobileTests */,
			);
			name = EffectiveMobileTests;
			productName = EffectiveMobileTests;
			productReference = 37CE0A072CE5F28400D6CABC /* EffectiveMobileTests.xctest */;
			productType = "com.apple.product-type.bundle.unit-test";
		};
		37CE0A102CE5F28400D6CABC /* EffectiveMobileUITests */ = {
			isa = PBXNativeTarget;
			buildConfigurationList = 37CE0A222CE5F28400D6CABC /* Build configuration list for PBXNativeTarget "EffectiveMobileUITests" */;
			buildPhases = (
				C3E199D1C9FED14620AD1CCC /* [CP] Check Pods Manifest.lock */,
				37CE0A0D2CE5F28400D6CABC /* Sources */,
				37CE0A0E2CE5F28400D6CABC /* Frameworks */,
				37CE0A0F2CE5F28400D6CABC /* Resources */,
				6F4C5B957E869960F6A61A5A /* [CP] Embed Pods Frameworks */,
			);
			buildRules = (
			);
			dependencies = (
				37CE0A132CE5F28400D6CABC /* PBXTargetDependency */,
			);
			fileSystemSynchronizedGroups = (
				37CE0A142CE5F28400D6CABC /* EffectiveMobileUITests */,
			);
			name = EffectiveMobileUITests;
			productName = EffectiveMobileUITests;
			productReference = 37CE0A112CE5F28400D6CABC /* EffectiveMobileUITests.xctest */;
			productType = "com.apple.product-type.bundle.ui-testing";
		};
/* End PBXNativeTarget section */

/* Begin PBXProject section */
		37CE09E62CE5F28100D6CABC /* Project object */ = {
			isa = PBXProject;
			attributes = {
				BuildIndependentTargetsInParallel = 1;
				LastSwiftUpdateCheck = 1610;
				LastUpgradeCheck = 1610;
				TargetAttributes = {
					37CE09ED2CE5F28100D6CABC = {
						CreatedOnToolsVersion = 16.1;
					};
					37CE0A062CE5F28400D6CABC = {
						CreatedOnToolsVersion = 16.1;
						TestTargetID = 37CE09ED2CE5F28100D6CABC;
					};
					37CE0A102CE5F28400D6CABC = {
						CreatedOnToolsVersion = 16.1;
						TestTargetID = 37CE09ED2CE5F28100D6CABC;
					};
				};
			};
			buildConfigurationList = 37CE09E92CE5F28100D6CABC /* Build configuration list for PBXProject "EffectiveMobile" */;
			developmentRegion = en;
			hasScannedForEncodings = 0;
			knownRegions = (
				en,
				Base,
			);
			mainGroup = 37CE09E52CE5F28100D6CABC;
			minimizedProjectReferenceProxies = 1;
			preferredProjectObjectVersion = 77;
			productRefGroup = 37CE09EF2CE5F28100D6CABC /* Products */;
			projectDirPath = "";
			projectRoot = "";
			targets = (
				37CE09ED2CE5F28100D6CABC /* EffectiveMobile */,
				37CE0A062CE5F28400D6CABC /* EffectiveMobileTests */,
				37CE0A102CE5F28400D6CABC /* EffectiveMobileUITests */,
			);
		};
/* End PBXProject section */

/* Begin PBXResourcesBuildPhase section */
		37CE09EC2CE5F28100D6CABC /* Resources */ = {
			isa = PBXResourcesBuildPhase;
			buildActionMask = 2147483647;
			files = (
				378776922CEC9C91003CF58F /* SFUIText-Bold.ttf in Resources */,
				378776962CEC9CAA003CF58F /* SFUIText-Regular.ttf in Resources */,
				378776942CEC9CA1003CF58F /* SFUIText-Medium.ttf in Resources */,
				37CE0A312CE5F2F500D6CABC /* Assets.xcassets in Resources */,
				37CE0A332CE5F2F500D6CABC /* LaunchScreen.storyboard in Resources */,
			);
			runOnlyForDeploymentPostprocessing = 0;
		};
		37CE0A052CE5F28400D6CABC /* Resources */ = {
			isa = PBXResourcesBuildPhase;
			buildActionMask = 2147483647;
			files = (
			);
			runOnlyForDeploymentPostprocessing = 0;
		};
		37CE0A0F2CE5F28400D6CABC /* Resources */ = {
			isa = PBXResourcesBuildPhase;
			buildActionMask = 2147483647;
			files = (
			);
			runOnlyForDeploymentPostprocessing = 0;
		};
/* End PBXResourcesBuildPhase section */

/* Begin PBXShellScriptBuildPhase section */
		69E91B39AD4C9F68CD6253F2 /* [CP] Check Pods Manifest.lock */ = {
			isa = PBXShellScriptBuildPhase;
			buildActionMask = 2147483647;
			files = (
			);
			inputFileListPaths = (
			);
			inputPaths = (
				"${PODS_PODFILE_DIR_PATH}/Podfile.lock",
				"${PODS_ROOT}/Manifest.lock",
			);
			name = "[CP] Check Pods Manifest.lock";
			outputFileListPaths = (
			);
			outputPaths = (
				"$(DERIVED_FILE_DIR)/Pods-EffectiveMobileTests-checkManifestLockResult.txt",
			);
			runOnlyForDeploymentPostprocessing = 0;
			shellPath = /bin/sh;
			shellScript = "diff \"${PODS_PODFILE_DIR_PATH}/Podfile.lock\" \"${PODS_ROOT}/Manifest.lock\" > /dev/null\nif [ $? != 0 ] ; then\n    # print error to STDERR\n    echo \"error: The sandbox is not in sync with the Podfile.lock. Run 'pod install' or update your CocoaPods installation.\" >&2\n    exit 1\nfi\n# This output is used by Xcode 'outputs' to avoid re-running this script phase.\necho \"SUCCESS\" > \"${SCRIPT_OUTPUT_FILE_0}\"\n";
			showEnvVarsInLog = 0;
		};
		6F4C5B957E869960F6A61A5A /* [CP] Embed Pods Frameworks */ = {
			isa = PBXShellScriptBuildPhase;
			buildActionMask = 2147483647;
			files = (
			);
			inputFileListPaths = (
				"${PODS_ROOT}/Target Support Files/Pods-EffectiveMobile-EffectiveMobileUITests/Pods-EffectiveMobile-EffectiveMobileUITests-frameworks-${CONFIGURATION}-input-files.xcfilelist",
			);
			name = "[CP] Embed Pods Frameworks";
			outputFileListPaths = (
				"${PODS_ROOT}/Target Support Files/Pods-EffectiveMobile-EffectiveMobileUITests/Pods-EffectiveMobile-EffectiveMobileUITests-frameworks-${CONFIGURATION}-output-files.xcfilelist",
			);
			runOnlyForDeploymentPostprocessing = 0;
			shellPath = /bin/sh;
			shellScript = "\"${PODS_ROOT}/Target Support Files/Pods-EffectiveMobile-EffectiveMobileUITests/Pods-EffectiveMobile-EffectiveMobileUITests-frameworks.sh\"\n";
			showEnvVarsInLog = 0;
		};
		978FBAC55A7FB9231395AFA7 /* [CP] Check Pods Manifest.lock */ = {
			isa = PBXShellScriptBuildPhase;
			buildActionMask = 2147483647;
			files = (
			);
			inputFileListPaths = (
			);
			inputPaths = (
				"${PODS_PODFILE_DIR_PATH}/Podfile.lock",
				"${PODS_ROOT}/Manifest.lock",
			);
			name = "[CP] Check Pods Manifest.lock";
			outputFileListPaths = (
			);
			outputPaths = (
				"$(DERIVED_FILE_DIR)/Pods-EffectiveMobile-checkManifestLockResult.txt",
			);
			runOnlyForDeploymentPostprocessing = 0;
			shellPath = /bin/sh;
			shellScript = "diff \"${PODS_PODFILE_DIR_PATH}/Podfile.lock\" \"${PODS_ROOT}/Manifest.lock\" > /dev/null\nif [ $? != 0 ] ; then\n    # print error to STDERR\n    echo \"error: The sandbox is not in sync with the Podfile.lock. Run 'pod install' or update your CocoaPods installation.\" >&2\n    exit 1\nfi\n# This output is used by Xcode 'outputs' to avoid re-running this script phase.\necho \"SUCCESS\" > \"${SCRIPT_OUTPUT_FILE_0}\"\n";
			showEnvVarsInLog = 0;
		};
		C3E199D1C9FED14620AD1CCC /* [CP] Check Pods Manifest.lock */ = {
			isa = PBXShellScriptBuildPhase;
			buildActionMask = 2147483647;
			files = (
			);
			inputFileListPaths = (
			);
			inputPaths = (
				"${PODS_PODFILE_DIR_PATH}/Podfile.lock",
				"${PODS_ROOT}/Manifest.lock",
			);
			name = "[CP] Check Pods Manifest.lock";
			outputFileListPaths = (
			);
			outputPaths = (
				"$(DERIVED_FILE_DIR)/Pods-EffectiveMobile-EffectiveMobileUITests-checkManifestLockResult.txt",
			);
			runOnlyForDeploymentPostprocessing = 0;
			shellPath = /bin/sh;
			shellScript = "diff \"${PODS_PODFILE_DIR_PATH}/Podfile.lock\" \"${PODS_ROOT}/Manifest.lock\" > /dev/null\nif [ $? != 0 ] ; then\n    # print error to STDERR\n    echo \"error: The sandbox is not in sync with the Podfile.lock. Run 'pod install' or update your CocoaPods installation.\" >&2\n    exit 1\nfi\n# This output is used by Xcode 'outputs' to avoid re-running this script phase.\necho \"SUCCESS\" > \"${SCRIPT_OUTPUT_FILE_0}\"\n";
			showEnvVarsInLog = 0;
		};
		FF9F50231E683E098B0D6DAD /* [CP] Embed Pods Frameworks */ = {
			isa = PBXShellScriptBuildPhase;
			buildActionMask = 2147483647;
			files = (
			);
			inputFileListPaths = (
				"${PODS_ROOT}/Target Support Files/Pods-EffectiveMobile/Pods-EffectiveMobile-frameworks-${CONFIGURATION}-input-files.xcfilelist",
			);
			name = "[CP] Embed Pods Frameworks";
			outputFileListPaths = (
				"${PODS_ROOT}/Target Support Files/Pods-EffectiveMobile/Pods-EffectiveMobile-frameworks-${CONFIGURATION}-output-files.xcfilelist",
			);
			runOnlyForDeploymentPostprocessing = 0;
			shellPath = /bin/sh;
			shellScript = "\"${PODS_ROOT}/Target Support Files/Pods-EffectiveMobile/Pods-EffectiveMobile-frameworks.sh\"\n";
			showEnvVarsInLog = 0;
		};
/* End PBXShellScriptBuildPhase section */

/* Begin PBXSourcesBuildPhase section */
		37CE09EA2CE5F28100D6CABC /* Sources */ = {
			isa = PBXSourcesBuildPhase;
			buildActionMask = 2147483647;
			files = (
				37CE0A342CE5F2F500D6CABC /* AppDelegate.swift in Sources */,
				3787769F2CECA9FB003CF58F /* Response.ext.swift in Sources */,
				37CE0A5E2CE613BE00D6CABC /* TaskListInteractor.swift in Sources */,
				37CE0A5C2CE613B500D6CABC /* TaskListPresenter.swift in Sources */,
				37AF4AC02CEEE909008EBF3C /* TaskPageView.swift in Sources */,
				37CE0A632CE6147800D6CABC /* NetworkManager.swift in Sources */,
				37CE0A362CE5F2F500D6CABC /* SceneDelegate.swift in Sources */,
				37249E542CEDBAD9004CE5DD /* SelectedTaskView.swift in Sources */,
				37CE0A5A2CE6139B00D6CABC /* TaskTableViewCell.swift in Sources */,
				37249E562CEDBB07004CE5DD /* SelectedTaskConfigurator.swift in Sources */,
				378776982CEC9CC2003CF58F /* Font.ext.swift in Sources */,
				37CE0A6D2CE625D900D6CABC /* TaskListConfigurator.swift in Sources */,
				37CE0A502CE6069A00D6CABC /* Model.swift in Sources */,
				37CE0A602CE613C900D6CABC /* TaskListRouter.swift in Sources */,
				3787769D2CECA9E5003CF58F /* UIView.ext.swift in Sources */,
				37249E4D2CECC22F004CE5DD /* Task.swift in Sources */,
				37AF4AC22CEEEA8A008EBF3C /* TaskPagePresenter.swift in Sources */,
				37249E5D2CEDCB3E004CE5DD /* SelectedTaskInteractor.swift in Sources */,
				37249E602CEDF966004CE5DD /* EditData.swift in Sources */,
				37CE0A6B2CE6221100D6CABC /* Date.ext.swift in Sources */,
				37CE0A7B2CE8DD5E00D6CABC /* Protocol.swift in Sources */,
				37CE0A672CE6193500D6CABC /* LaunchManager.swift in Sources */,
				37CE0A472CE6003900D6CABC /* StorageManager.swift in Sources */,
				37AF4AC42CEEEAB9008EBF3C /* TaskPageInteractor.swift in Sources */,
				37249E502CECC988004CE5DD /* Task.xcdatamodel in Sources */,
				37249E5B2CEDC872004CE5DD /* SelectedTaskPresenter.swift in Sources */,
				37249E622CEE08EE004CE5DD /* SelectedTaskTableViewCell.swift in Sources */,
				37CE0A582CE6137B00D6CABC /* TaskListView.swift in Sources */,
				37AF4ABE2CEEE863008EBF3C /* TaskPageConfigurator.swift in Sources */,
			);
			runOnlyForDeploymentPostprocessing = 0;
		};
		37CE0A032CE5F28400D6CABC /* Sources */ = {
			isa = PBXSourcesBuildPhase;
			buildActionMask = 2147483647;
			files = (
				37CE0A462CE6003900D6CABC /* StorageManager.swift in Sources */,
				37CE0A682CE6193500D6CABC /* LaunchManager.swift in Sources */,
				37249E4B2CECC22F004CE5DD /* Task.swift in Sources */,
			);
			runOnlyForDeploymentPostprocessing = 0;
		};
		37CE0A0D2CE5F28400D6CABC /* Sources */ = {
			isa = PBXSourcesBuildPhase;
			buildActionMask = 2147483647;
			files = (
			);
			runOnlyForDeploymentPostprocessing = 0;
		};
/* End PBXSourcesBuildPhase section */

/* Begin PBXTargetDependency section */
		37CE0A092CE5F28400D6CABC /* PBXTargetDependency */ = {
			isa = PBXTargetDependency;
			target = 37CE09ED2CE5F28100D6CABC /* EffectiveMobile */;
			targetProxy = 37CE0A082CE5F28400D6CABC /* PBXContainerItemProxy */;
		};
		37CE0A132CE5F28400D6CABC /* PBXTargetDependency */ = {
			isa = PBXTargetDependency;
			target = 37CE09ED2CE5F28100D6CABC /* EffectiveMobile */;
			targetProxy = 37CE0A122CE5F28400D6CABC /* PBXContainerItemProxy */;
		};
/* End PBXTargetDependency section */

/* Begin PBXVariantGroup section */
		37CE0A2C2CE5F2F500D6CABC /* LaunchScreen.storyboard */ = {
			isa = PBXVariantGroup;
			children = (
				37CE0A2B2CE5F2F500D6CABC /* Base */,
			);
			name = LaunchScreen.storyboard;
			sourceTree = "<group>";
		};
/* End PBXVariantGroup section */

/* Begin XCBuildConfiguration section */
		37CE0A1B2CE5F28400D6CABC /* Debug */ = {
			isa = XCBuildConfiguration;
			baseConfigurationReference = BF9D143A3BCDE15B8FB8E58C /* Pods-EffectiveMobile.debug.xcconfig */;
			buildSettings = {
				ASSETCATALOG_COMPILER_APPICON_NAME = AppIcon;
				ASSETCATALOG_COMPILER_GLOBAL_ACCENT_COLOR_NAME = AccentColor;
				CODE_SIGN_STYLE = Automatic;
				CURRENT_PROJECT_VERSION = 1;
				DEVELOPMENT_TEAM = T3Y57V3BSA;
				ENABLE_USER_SCRIPT_SANDBOXING = NO;
				GENERATE_INFOPLIST_FILE = YES;
				INFOPLIST_FILE = EffectiveMobile/Info.plist;
				INFOPLIST_KEY_UIApplicationSupportsIndirectInputEvents = YES;
				INFOPLIST_KEY_UILaunchStoryboardName = LaunchScreen;
				INFOPLIST_KEY_UISupportedInterfaceOrientations_iPad = "UIInterfaceOrientationPortrait UIInterfaceOrientationPortraitUpsideDown UIInterfaceOrientationLandscapeLeft UIInterfaceOrientationLandscapeRight";
				INFOPLIST_KEY_UISupportedInterfaceOrientations_iPhone = "UIInterfaceOrientationPortrait UIInterfaceOrientationLandscapeLeft UIInterfaceOrientationLandscapeRight";
				LD_RUNPATH_SEARCH_PATHS = (
					"$(inherited)",
					"@executable_path/Frameworks",
				);
				MARKETING_VERSION = 1.0;
				PRODUCT_BUNDLE_IDENTIFIER = com.grad0ff.Developer.EffectiveMobile;
				PRODUCT_NAME = "$(TARGET_NAME)";
				SWIFT_EMIT_LOC_STRINGS = YES;
				SWIFT_VERSION = 5.0;
				TARGETED_DEVICE_FAMILY = "1,2";
			};
			name = Debug;
		};
		37CE0A1C2CE5F28400D6CABC /* Release */ = {
			isa = XCBuildConfiguration;
			baseConfigurationReference = C2D4DD8B120ECFABA94429BD /* Pods-EffectiveMobile.release.xcconfig */;
			buildSettings = {
				ASSETCATALOG_COMPILER_APPICON_NAME = AppIcon;
				ASSETCATALOG_COMPILER_GLOBAL_ACCENT_COLOR_NAME = AccentColor;
				CODE_SIGN_STYLE = Automatic;
				CURRENT_PROJECT_VERSION = 1;
				DEVELOPMENT_TEAM = T3Y57V3BSA;
				ENABLE_USER_SCRIPT_SANDBOXING = NO;
				GENERATE_INFOPLIST_FILE = YES;
				INFOPLIST_FILE = EffectiveMobile/Info.plist;
				INFOPLIST_KEY_UIApplicationSupportsIndirectInputEvents = YES;
				INFOPLIST_KEY_UILaunchStoryboardName = LaunchScreen;
				INFOPLIST_KEY_UISupportedInterfaceOrientations_iPad = "UIInterfaceOrientationPortrait UIInterfaceOrientationPortraitUpsideDown UIInterfaceOrientationLandscapeLeft UIInterfaceOrientationLandscapeRight";
				INFOPLIST_KEY_UISupportedInterfaceOrientations_iPhone = "UIInterfaceOrientationPortrait UIInterfaceOrientationLandscapeLeft UIInterfaceOrientationLandscapeRight";
				LD_RUNPATH_SEARCH_PATHS = (
					"$(inherited)",
					"@executable_path/Frameworks",
				);
				MARKETING_VERSION = 1.0;
				PRODUCT_BUNDLE_IDENTIFIER = com.grad0ff.Developer.EffectiveMobile;
				PRODUCT_NAME = "$(TARGET_NAME)";
				SWIFT_EMIT_LOC_STRINGS = YES;
				SWIFT_VERSION = 5.0;
				TARGETED_DEVICE_FAMILY = "1,2";
			};
			name = Release;
		};
		37CE0A1D2CE5F28400D6CABC /* Debug */ = {
			isa = XCBuildConfiguration;
			buildSettings = {
				ALWAYS_SEARCH_USER_PATHS = NO;
				ASSETCATALOG_COMPILER_GENERATE_SWIFT_ASSET_SYMBOL_EXTENSIONS = YES;
				CLANG_ANALYZER_NONNULL = YES;
				CLANG_ANALYZER_NUMBER_OBJECT_CONVERSION = YES_AGGRESSIVE;
				CLANG_CXX_LANGUAGE_STANDARD = "gnu++20";
				CLANG_ENABLE_MODULES = YES;
				CLANG_ENABLE_OBJC_ARC = YES;
				CLANG_ENABLE_OBJC_WEAK = YES;
				CLANG_WARN_BLOCK_CAPTURE_AUTORELEASING = YES;
				CLANG_WARN_BOOL_CONVERSION = YES;
				CLANG_WARN_COMMA = YES;
				CLANG_WARN_CONSTANT_CONVERSION = YES;
				CLANG_WARN_DEPRECATED_OBJC_IMPLEMENTATIONS = YES;
				CLANG_WARN_DIRECT_OBJC_ISA_USAGE = YES_ERROR;
				CLANG_WARN_DOCUMENTATION_COMMENTS = YES;
				CLANG_WARN_EMPTY_BODY = YES;
				CLANG_WARN_ENUM_CONVERSION = YES;
				CLANG_WARN_INFINITE_RECURSION = YES;
				CLANG_WARN_INT_CONVERSION = YES;
				CLANG_WARN_NON_LITERAL_NULL_CONVERSION = YES;
				CLANG_WARN_OBJC_IMPLICIT_RETAIN_SELF = YES;
				CLANG_WARN_OBJC_LITERAL_CONVERSION = YES;
				CLANG_WARN_OBJC_ROOT_CLASS = YES_ERROR;
				CLANG_WARN_QUOTED_INCLUDE_IN_FRAMEWORK_HEADER = YES;
				CLANG_WARN_RANGE_LOOP_ANALYSIS = YES;
				CLANG_WARN_STRICT_PROTOTYPES = YES;
				CLANG_WARN_SUSPICIOUS_MOVE = YES;
				CLANG_WARN_UNGUARDED_AVAILABILITY = YES_AGGRESSIVE;
				CLANG_WARN_UNREACHABLE_CODE = YES;
				CLANG_WARN__DUPLICATE_METHOD_MATCH = YES;
				COPY_PHASE_STRIP = NO;
				DEBUG_INFORMATION_FORMAT = dwarf;
				ENABLE_STRICT_OBJC_MSGSEND = YES;
				ENABLE_TESTABILITY = YES;
				ENABLE_USER_SCRIPT_SANDBOXING = YES;
				GCC_C_LANGUAGE_STANDARD = gnu17;
				GCC_DYNAMIC_NO_PIC = NO;
				GCC_NO_COMMON_BLOCKS = YES;
				GCC_OPTIMIZATION_LEVEL = 0;
				GCC_PREPROCESSOR_DEFINITIONS = (
					"DEBUG=1",
					"$(inherited)",
				);
				GCC_WARN_64_TO_32_BIT_CONVERSION = YES;
				GCC_WARN_ABOUT_RETURN_TYPE = YES_ERROR;
				GCC_WARN_UNDECLARED_SELECTOR = YES;
				GCC_WARN_UNINITIALIZED_AUTOS = YES_AGGRESSIVE;
				GCC_WARN_UNUSED_FUNCTION = YES;
				GCC_WARN_UNUSED_VARIABLE = YES;
				IPHONEOS_DEPLOYMENT_TARGET = 18.1;
				LOCALIZATION_PREFERS_STRING_CATALOGS = YES;
				MTL_ENABLE_DEBUG_INFO = INCLUDE_SOURCE;
				MTL_FAST_MATH = YES;
				ONLY_ACTIVE_ARCH = YES;
				SDKROOT = iphoneos;
				SWIFT_ACTIVE_COMPILATION_CONDITIONS = "DEBUG $(inherited)";
				SWIFT_OPTIMIZATION_LEVEL = "-Onone";
			};
			name = Debug;
		};
		37CE0A1E2CE5F28400D6CABC /* Release */ = {
			isa = XCBuildConfiguration;
			buildSettings = {
				ALWAYS_SEARCH_USER_PATHS = NO;
				ASSETCATALOG_COMPILER_GENERATE_SWIFT_ASSET_SYMBOL_EXTENSIONS = YES;
				CLANG_ANALYZER_NONNULL = YES;
				CLANG_ANALYZER_NUMBER_OBJECT_CONVERSION = YES_AGGRESSIVE;
				CLANG_CXX_LANGUAGE_STANDARD = "gnu++20";
				CLANG_ENABLE_MODULES = YES;
				CLANG_ENABLE_OBJC_ARC = YES;
				CLANG_ENABLE_OBJC_WEAK = YES;
				CLANG_WARN_BLOCK_CAPTURE_AUTORELEASING = YES;
				CLANG_WARN_BOOL_CONVERSION = YES;
				CLANG_WARN_COMMA = YES;
				CLANG_WARN_CONSTANT_CONVERSION = YES;
				CLANG_WARN_DEPRECATED_OBJC_IMPLEMENTATIONS = YES;
				CLANG_WARN_DIRECT_OBJC_ISA_USAGE = YES_ERROR;
				CLANG_WARN_DOCUMENTATION_COMMENTS = YES;
				CLANG_WARN_EMPTY_BODY = YES;
				CLANG_WARN_ENUM_CONVERSION = YES;
				CLANG_WARN_INFINITE_RECURSION = YES;
				CLANG_WARN_INT_CONVERSION = YES;
				CLANG_WARN_NON_LITERAL_NULL_CONVERSION = YES;
				CLANG_WARN_OBJC_IMPLICIT_RETAIN_SELF = YES;
				CLANG_WARN_OBJC_LITERAL_CONVERSION = YES;
				CLANG_WARN_OBJC_ROOT_CLASS = YES_ERROR;
				CLANG_WARN_QUOTED_INCLUDE_IN_FRAMEWORK_HEADER = YES;
				CLANG_WARN_RANGE_LOOP_ANALYSIS = YES;
				CLANG_WARN_STRICT_PROTOTYPES = YES;
				CLANG_WARN_SUSPICIOUS_MOVE = YES;
				CLANG_WARN_UNGUARDED_AVAILABILITY = YES_AGGRESSIVE;
				CLANG_WARN_UNREACHABLE_CODE = YES;
				CLANG_WARN__DUPLICATE_METHOD_MATCH = YES;
				COPY_PHASE_STRIP = NO;
				DEBUG_INFORMATION_FORMAT = "dwarf-with-dsym";
				ENABLE_NS_ASSERTIONS = NO;
				ENABLE_STRICT_OBJC_MSGSEND = YES;
				ENABLE_USER_SCRIPT_SANDBOXING = YES;
				GCC_C_LANGUAGE_STANDARD = gnu17;
				GCC_NO_COMMON_BLOCKS = YES;
				GCC_WARN_64_TO_32_BIT_CONVERSION = YES;
				GCC_WARN_ABOUT_RETURN_TYPE = YES_ERROR;
				GCC_WARN_UNDECLARED_SELECTOR = YES;
				GCC_WARN_UNINITIALIZED_AUTOS = YES_AGGRESSIVE;
				GCC_WARN_UNUSED_FUNCTION = YES;
				GCC_WARN_UNUSED_VARIABLE = YES;
				IPHONEOS_DEPLOYMENT_TARGET = 18.1;
				LOCALIZATION_PREFERS_STRING_CATALOGS = YES;
				MTL_ENABLE_DEBUG_INFO = NO;
				MTL_FAST_MATH = YES;
				SDKROOT = iphoneos;
				SWIFT_COMPILATION_MODE = wholemodule;
				VALIDATE_PRODUCT = YES;
			};
			name = Release;
		};
		37CE0A202CE5F28400D6CABC /* Debug */ = {
			isa = XCBuildConfiguration;
			baseConfigurationReference = B3D2AAAB0B16C27E56A67590 /* Pods-EffectiveMobileTests.debug.xcconfig */;
			buildSettings = {
				BUNDLE_LOADER = "$(TEST_HOST)";
				CODE_SIGN_STYLE = Automatic;
				CURRENT_PROJECT_VERSION = 1;
				DEVELOPMENT_TEAM = T3Y57V3BSA;
				GENERATE_INFOPLIST_FILE = YES;
				IPHONEOS_DEPLOYMENT_TARGET = 18.1;
				MARKETING_VERSION = 1.0;
				PRODUCT_BUNDLE_IDENTIFIER = com.grad0ff.Developer.EffectiveMobileTests;
				PRODUCT_NAME = "$(TARGET_NAME)";
				SWIFT_EMIT_LOC_STRINGS = NO;
				SWIFT_VERSION = 5.0;
				TARGETED_DEVICE_FAMILY = "1,2";
				TEST_HOST = "$(BUILT_PRODUCTS_DIR)/EffectiveMobile.app/$(BUNDLE_EXECUTABLE_FOLDER_PATH)/EffectiveMobile";
			};
			name = Debug;
		};
		37CE0A212CE5F28400D6CABC /* Release */ = {
			isa = XCBuildConfiguration;
			baseConfigurationReference = 894C2986C56EA848DF09883C /* Pods-EffectiveMobileTests.release.xcconfig */;
			buildSettings = {
				BUNDLE_LOADER = "$(TEST_HOST)";
				CODE_SIGN_STYLE = Automatic;
				CURRENT_PROJECT_VERSION = 1;
				DEVELOPMENT_TEAM = T3Y57V3BSA;
				GENERATE_INFOPLIST_FILE = YES;
				IPHONEOS_DEPLOYMENT_TARGET = 18.1;
				MARKETING_VERSION = 1.0;
				PRODUCT_BUNDLE_IDENTIFIER = com.grad0ff.Developer.EffectiveMobileTests;
				PRODUCT_NAME = "$(TARGET_NAME)";
				SWIFT_EMIT_LOC_STRINGS = NO;
				SWIFT_VERSION = 5.0;
				TARGETED_DEVICE_FAMILY = "1,2";
				TEST_HOST = "$(BUILT_PRODUCTS_DIR)/EffectiveMobile.app/$(BUNDLE_EXECUTABLE_FOLDER_PATH)/EffectiveMobile";
			};
			name = Release;
		};
		37CE0A232CE5F28400D6CABC /* Debug */ = {
			isa = XCBuildConfiguration;
			baseConfigurationReference = BFC0B0A88D74164436730583 /* Pods-EffectiveMobile-EffectiveMobileUITests.debug.xcconfig */;
			buildSettings = {
				CODE_SIGN_STYLE = Automatic;
				CURRENT_PROJECT_VERSION = 1;
				DEVELOPMENT_TEAM = T3Y57V3BSA;
				GENERATE_INFOPLIST_FILE = YES;
				MARKETING_VERSION = 1.0;
				PRODUCT_BUNDLE_IDENTIFIER = com.grad0ff.Developer.EffectiveMobileUITests;
				PRODUCT_NAME = "$(TARGET_NAME)";
				SWIFT_EMIT_LOC_STRINGS = NO;
				SWIFT_VERSION = 5.0;
				TARGETED_DEVICE_FAMILY = "1,2";
				TEST_TARGET_NAME = EffectiveMobile;
			};
			name = Debug;
		};
		37CE0A242CE5F28400D6CABC /* Release */ = {
			isa = XCBuildConfiguration;
			baseConfigurationReference = E19BF0CED2825F16964DE3AA /* Pods-EffectiveMobile-EffectiveMobileUITests.release.xcconfig */;
			buildSettings = {
				CODE_SIGN_STYLE = Automatic;
				CURRENT_PROJECT_VERSION = 1;
				DEVELOPMENT_TEAM = T3Y57V3BSA;
				GENERATE_INFOPLIST_FILE = YES;
				MARKETING_VERSION = 1.0;
				PRODUCT_BUNDLE_IDENTIFIER = com.grad0ff.Developer.EffectiveMobileUITests;
				PRODUCT_NAME = "$(TARGET_NAME)";
				SWIFT_EMIT_LOC_STRINGS = NO;
				SWIFT_VERSION = 5.0;
				TARGETED_DEVICE_FAMILY = "1,2";
				TEST_TARGET_NAME = EffectiveMobile;
			};
			name = Release;
		};
/* End XCBuildConfiguration section */

/* Begin XCConfigurationList section */
		37CE09E92CE5F28100D6CABC /* Build configuration list for PBXProject "EffectiveMobile" */ = {
			isa = XCConfigurationList;
			buildConfigurations = (
				37CE0A1D2CE5F28400D6CABC /* Debug */,
				37CE0A1E2CE5F28400D6CABC /* Release */,
			);
			defaultConfigurationIsVisible = 0;
			defaultConfigurationName = Release;
		};
		37CE0A1A2CE5F28400D6CABC /* Build configuration list for PBXNativeTarget "EffectiveMobile" */ = {
			isa = XCConfigurationList;
			buildConfigurations = (
				37CE0A1B2CE5F28400D6CABC /* Debug */,
				37CE0A1C2CE5F28400D6CABC /* Release */,
			);
			defaultConfigurationIsVisible = 0;
			defaultConfigurationName = Release;
		};
		37CE0A1F2CE5F28400D6CABC /* Build configuration list for PBXNativeTarget "EffectiveMobileTests" */ = {
			isa = XCConfigurationList;
			buildConfigurations = (
				37CE0A202CE5F28400D6CABC /* Debug */,
				37CE0A212CE5F28400D6CABC /* Release */,
			);
			defaultConfigurationIsVisible = 0;
			defaultConfigurationName = Release;
		};
		37CE0A222CE5F28400D6CABC /* Build configuration list for PBXNativeTarget "EffectiveMobileUITests" */ = {
			isa = XCConfigurationList;
			buildConfigurations = (
				37CE0A232CE5F28400D6CABC /* Debug */,
				37CE0A242CE5F28400D6CABC /* Release */,
			);
			defaultConfigurationIsVisible = 0;
			defaultConfigurationName = Release;
		};
/* End XCConfigurationList section */
	};
	rootObject = 37CE09E62CE5F28100D6CABC /* Project object */;
}
